<?xml version="1.0" encoding="UTF-8"?>
<Scheme
   LastUpgradeVersion = "1620"
   version = "1.7">
   <BuildAction
      parallelizeBuildables = "YES"
      buildImplicitDependencies = "YES">
      <BuildActionEntries>
         <BuildActionEntry
            buildForTesting = "YES" buildForRunning = "YES" buildForProfiling = "YES"
            buildForArchiving = "YES" buildForAnalyzing = "YES">
            <BuildableReference
               BuildableIdentifier = "primary" BlueprintIdentifier = "6D6F44104BEA4744A9A96760"
               BuildableName = "LOCA.app" BlueprintName = "LOCA"
               ReferencedContainer = "container:LOCA.xcodeproj">
            </BuildableReference>
         </BuildActionEntry>
         <BuildActionEntry
            buildForTesting = "YES" buildForRunning = "YES" buildForProfiling = "YES"
            buildForArchiving = "YES" buildForAnalyzing = "YES">
            <BuildableReference
               BuildableIdentifier = "primary" BlueprintIdentifier = "B8F20732BF424B13865D4CF8"
               BuildableName = "LOCAWidgetExtension.appex" BlueprintName = "LOCAWidgetExtension"
               ReferencedContainer = "container:LOCA.xcodeproj">
            </BuildableReference>
         </BuildActionEntry>
      </BuildActionEntries>
   </BuildAction>
   <TestAction buildConfiguration = "Debug"
      selectedDebuggerIdentifier = "Xcode.DebuggerFoundation.Debugger.LLDB"
      selectedLauncherIdentifier = "Xcode.DebuggerFoundation.Launcher.LLDB"
      shouldUseLaunchSchemeArgsEnv = "YES">
      <Testables>
         <TestableReference
            skipped = "NO">
            <BuildableReference
               BuildableIdentifier = "primary"
               BlueprintIdentifier = "FADE00000000000000000002"
               BuildableName = "LOCATests.xctest"
               BlueprintName = "LOCATests"
               ReferencedContainer = "container:LOCA.xcodeproj">
            </BuildableReference>
         </TestableReference>
      </Testables>
   </TestAction>
   <LaunchAction buildConfiguration = "Debug"
      selectedDebuggerIdentifier = "Xcode.DebuggerFoundation.Debugger.LLDB"
      selectedLauncherIdentifier = "Xcode.DebuggerFoundation.Launcher.LLDB"
      launchStyle = "0" useCustomWorkingDirectory = "NO" ignoresPersistentStateOnLaunch = "NO"
      debugDocumentVersioning = "YES" debugServiceExtension = "internal" allowLocationSimulation = "YES">
      <BuildableProductRunnable runnableDebuggingMode = "0">
         <BuildableReference
            BuildableIdentifier = "primary" BlueprintIdentifier = "6D6F44104BEA4744A9A96760"
            BuildableName = "LOCA.app" BlueprintName = "LOCA"
            ReferencedContainer = "container:LOCA.xcodeproj">
         </BuildableReference>
      </BuildableProductRunnable>
   </LaunchAction>
   <ProfileAction buildConfiguration = "Release" shouldUseLaunchSchemeArgsEnv = "YES"
      savedToolIdentifier = "" useCustomWorkingDirectory = "NO" debugDocumentVersioning = "YES">
      <BuildableProductRunnable runnableDebuggingMode = "0">
         <BuildableReference
            BuildableIdentifier = "primary" BlueprintIdentifier = "6D6F44104BEA4744A9A96760"
            BuildableName = "LOCA.app" BlueprintName = "LOCA"
            ReferencedContainer = "container:LOCA.xcodeproj">
         </BuildableReference>
      </BuildableProductRunnable>
   </ProfileAction>
   <AnalyzeAction buildConfiguration = "Debug"></AnalyzeAction>
   <ArchiveAction buildConfiguration = "Release" revealArchiveInOrganizer = "YES"></ArchiveAction>
</Scheme>
