// !$*UTF8*$!
{
	archiveVersion = 1;
	classes = {
	};
	objectVersion = 56;
	objects = {

/* Begin PBXBuildFile section */
		D0B00566E8814C0CB51BC78F /* LOCAApp.swift in Sources */ = {isa = PBXBuildFile; fileRef = D192A594A8C7476FB79AD5E5 /* LOCAApp.swift */; };
		543E2651A7D04872B7256D2B /* CloudKitSyncCoordinator.swift in Sources */ = {isa = PBXBuildFile; fileRef = 65B497D08B9147ADADB27C16 /* CloudKitSyncCoordinator.swift */; };
		07B5246B49C842A8A0A62CF7 /* HabitBoard.swift in Sources */ = {isa = PBXBuildFile; fileRef = 1BF5771AA42C46C99A1FDF4A /* HabitBoard.swift */; };
		6708C45BD26D4DDA9B003E51 /* HabitBoard.swift in Sources */ = {isa = PBXBuildFile; fileRef = 1BF5771AA42C46C99A1FDF4A /* HabitBoard.swift */; };
		7BE779D499F24D46B1254E5B /* LogEntry.swift in Sources */ = {isa = PBXBuildFile; fileRef = E15B7894B47B4FE1ACE7581A /* LogEntry.swift */; };
		853B614ADBAC417BA7C0A9CE /* LogEntry.swift in Sources */ = {isa = PBXBuildFile; fileRef = E15B7894B47B4FE1ACE7581A /* LogEntry.swift */; };
		7D9ECE8B113E4D4BB3610AF1 /* VersionedSchema.swift in Sources */ = {isa = PBXBuildFile; fileRef = FC04D693C900473E8FA19CE1 /* VersionedSchema.swift */; };
		084662FABCF84D5A8E53B2C4 /* VersionedSchema.swift in Sources */ = {isa = PBXBuildFile; fileRef = FC04D693C900473E8FA19CE1 /* VersionedSchema.swift */; };
		7CC1669A03F14A558D09384E /* ModelContainerFactory.swift in Sources */ = {isa = PBXBuildFile; fileRef = F40D958DBFBA4950AEB913FC /* ModelContainerFactory.swift */; };
		5A5ACB7F0A784A2CBFF9D9CF /* ModelContainerFactory.swift in Sources */ = {isa = PBXBuildFile; fileRef = F40D958DBFBA4950AEB913FC /* ModelContainerFactory.swift */; };
		EB52B758ACA84DBDB1566792 /* PersistenceError.swift in Sources */ = {isa = PBXBuildFile; fileRef = ADBAB22BBFE84BF580BA03B3 /* PersistenceError.swift */; };
		38645F7D6C684FFFACD5E496 /* PersistenceError.swift in Sources */ = {isa = PBXBuildFile; fileRef = ADBAB22BBFE84BF580BA03B3 /* PersistenceError.swift */; };
		5640D4B568234435919FDCF4 /* Date+Calendar.swift in Sources */ = {isa = PBXBuildFile; fileRef = 0BB68499CB6448B8BE71954D /* Date+Calendar.swift */; };
		6E8FC2CEAD804E3E92D3EBAE /* Date+Calendar.swift in Sources */ = {isa = PBXBuildFile; fileRef = 0BB68499CB6448B8BE71954D /* Date+Calendar.swift */; };
		E222858FFA964D6593594B86 /* ColorPalette.swift in Sources */ = {isa = PBXBuildFile; fileRef = 51BD689F965048AD9F635B9E /* ColorPalette.swift */; };
		E1C6622EE4FA44BDB5DD4C92 /* ColorPalette.swift in Sources */ = {isa = PBXBuildFile; fileRef = 51BD689F965048AD9F635B9E /* ColorPalette.swift */; };
		126EF2884387457D80005C82 /* Double+Clamp.swift in Sources */ = {isa = PBXBuildFile; fileRef = 533441C3B0D242FC81D21297 /* Double+Clamp.swift */; };
		9B0B1471D4964328BF5C3A98 /* Double+Clamp.swift in Sources */ = {isa = PBXBuildFile; fileRef = 533441C3B0D242FC81D21297 /* Double+Clamp.swift */; };
		24DDCF8761464846A9989F3B /* StreakCalculator.swift in Sources */ = {isa = PBXBuildFile; fileRef = 569946FBC8E24492A8D304BE /* StreakCalculator.swift */; };
		1853D74F8EB3432186AD990F /* StreakCalculator.swift in Sources */ = {isa = PBXBuildFile; fileRef = 569946FBC8E24492A8D304BE /* StreakCalculator.swift */; };
		B6726D6BD86F4C2E820CF24A /* HeatmapDataProvider.swift in Sources */ = {isa = PBXBuildFile; fileRef = 309E5C93DAFF4135A33021FD /* HeatmapDataProvider.swift */; };
		956E141345C647A8BE20DDFB /* HeatmapDataProvider.swift in Sources */ = {isa = PBXBuildFile; fileRef = 309E5C93DAFF4135A33021FD /* HeatmapDataProvider.swift */; };
		7FC6446FF5B84985BD3C6390 /* RootNavigationView.swift in Sources */ = {isa = PBXBuildFile; fileRef = A1C03E4B17D64A07BC01578B /* RootNavigationView.swift */; };
		FFF68479B1644F64962ADCFD /* HabitSidebarView.swift in Sources */ = {isa = PBXBuildFile; fileRef = 07A9BBF4AC5E43B1A3DADA15 /* HabitSidebarView.swift */; };
		EA0D56E615AC4F63AF0DA126 /* HabitDetailView.swift in Sources */ = {isa = PBXBuildFile; fileRef = DC3A045851EC4EE3BBDF8B6F /* HabitDetailView.swift */; };
		1A5DA6E1EE06422CAA1E4D99 /* DashboardView.swift in Sources */ = {isa = PBXBuildFile; fileRef = C5ADB7F89AE441F3A722EE25 /* DashboardView.swift */; };
		227F4775AD1D4B77984D7176 /* HabitCardView.swift in Sources */ = {isa = PBXBuildFile; fileRef = F402BD63AAD74207AB57E2FF /* HabitCardView.swift */; };
		B66E568496AC4DB38F7AAF09 /* LOCAWidgetBundle.swift in Sources */ = {isa = PBXBuildFile; fileRef = CA51C54E147F4B919C3D627B /* LOCAWidgetBundle.swift */; };
		13581C3ECF074086AD44E990 /* Assets.xcassets in Resources */ = {isa = PBXBuildFile; fileRef = 8A9C51BF56E64079B43886F6 /* Assets.xcassets */; };
		77A3FD304B2B4F3EA2F6C8A8 /* LOCAWidgetExtension.appex in Embed Foundation Extensions */ = {isa = PBXBuildFile; fileRef = F575AFC973294ACE86454DD1 /* LOCAWidgetExtension.appex */; settings = {ATTRIBUTES = (RemoveHeadersOnCopy, ); }; };
/* End PBXBuildFile section */

/* Begin PBXFileReference section */
		D192A594A8C7476FB79AD5E5 /* LOCAApp.swift */ = {isa = PBXFileReference; lastKnownFileType = sourcecode.swift; path = "LOCAApp.swift"; sourceTree = "<group>"; };
		65B497D08B9147ADADB27C16 /* CloudKitSyncCoordinator.swift */ = {isa = PBXFileReference; lastKnownFileType = sourcecode.swift; path = "CloudKitSyncCoordinator.swift"; sourceTree = "<group>"; };
		1BF5771AA42C46C99A1FDF4A /* HabitBoard.swift */ = {isa = PBXFileReference; lastKnownFileType = sourcecode.swift; path = "HabitBoard.swift"; sourceTree = "<group>"; };
		E15B7894B47B4FE1ACE7581A /* LogEntry.swift */ = {isa = PBXFileReference; lastKnownFileType = sourcecode.swift; path = "LogEntry.swift"; sourceTree = "<group>"; };
		FC04D693C900473E8FA19CE1 /* VersionedSchema.swift */ = {isa = PBXFileReference; lastKnownFileType = sourcecode.swift; path = "VersionedSchema.swift"; sourceTree = "<group>"; };
		F40D958DBFBA4950AEB913FC /* ModelContainerFactory.swift */ = {isa = PBXFileReference; lastKnownFileType = sourcecode.swift; path = "ModelContainerFactory.swift"; sourceTree = "<group>"; };
		ADBAB22BBFE84BF580BA03B3 /* PersistenceError.swift */ = {isa = PBXFileReference; lastKnownFileType = sourcecode.swift; path = "PersistenceError.swift"; sourceTree = "<group>"; };
		0BB68499CB6448B8BE71954D /* Date+Calendar.swift */ = {isa = PBXFileReference; lastKnownFileType = sourcecode.swift; path = "Date+Calendar.swift"; sourceTree = "<group>"; };
		51BD689F965048AD9F635B9E /* ColorPalette.swift */ = {isa = PBXFileReference; lastKnownFileType = sourcecode.swift; path = "ColorPalette.swift"; sourceTree = "<group>"; };
		533441C3B0D242FC81D21297 /* Double+Clamp.swift */ = {isa = PBXFileReference; lastKnownFileType = sourcecode.swift; path = "Double+Clamp.swift"; sourceTree = "<group>"; };
		569946FBC8E24492A8D304BE /* StreakCalculator.swift */ = {isa = PBXFileReference; lastKnownFileType = sourcecode.swift; path = "StreakCalculator.swift"; sourceTree = "<group>"; };
		309E5C93DAFF4135A33021FD /* HeatmapDataProvider.swift */ = {isa = PBXFileReference; lastKnownFileType = sourcecode.swift; path = "HeatmapDataProvider.swift"; sourceTree = "<group>"; };
		A1C03E4B17D64A07BC01578B /* RootNavigationView.swift */ = {isa = PBXFileReference; lastKnownFileType = sourcecode.swift; path = "RootNavigationView.swift"; sourceTree = "<group>"; };
		07A9BBF4AC5E43B1A3DADA15 /* HabitSidebarView.swift */ = {isa = PBXFileReference; lastKnownFileType = sourcecode.swift; path = "HabitSidebarView.swift"; sourceTree = "<group>"; };
		DC3A045851EC4EE3BBDF8B6F /* HabitDetailView.swift */ = {isa = PBXFileReference; lastKnownFileType = sourcecode.swift; path = "HabitDetailView.swift"; sourceTree = "<group>"; };
		C5ADB7F89AE441F3A722EE25 /* DashboardView.swift */ = {isa = PBXFileReference; lastKnownFileType = sourcecode.swift; path = "DashboardView.swift"; sourceTree = "<group>"; };
		F402BD63AAD74207AB57E2FF /* HabitCardView.swift */ = {isa = PBXFileReference; lastKnownFileType = sourcecode.swift; path = "HabitCardView.swift"; sourceTree = "<group>"; };
		CA51C54E147F4B919C3D627B /* LOCAWidgetBundle.swift */ = {isa = PBXFileReference; lastKnownFileType = sourcecode.swift; path = "LOCAWidgetBundle.swift"; sourceTree = "<group>"; };
		BA05021260E341A7A1FC3604 /* LOCA.app */ = {isa = PBXFileReference; explicitFileType = wrapper.application; includeInIndex = 0; path = LOCA.app; sourceTree = BUILT_PRODUCTS_DIR; };
		F575AFC973294ACE86454DD1 /* LOCAWidgetExtension.appex */ = {isa = PBXFileReference; explicitFileType = "wrapper.app-extension"; includeInIndex = 0; path = LOCAWidgetExtension.appex; sourceTree = BUILT_PRODUCTS_DIR; };
		8A9C51BF56E64079B43886F6 /* Assets.xcassets */ = {isa = PBXFileReference; lastKnownFileType = folder.assetcatalog; path = Assets.xcassets; sourceTree = "<group>"; };
		9E376849553C4A91A25D9095 /* LOCA.entitlements */ = {isa = PBXFileReference; lastKnownFileType = text.plist.entitlements; path = LOCA.entitlements; sourceTree = "<group>"; };
		8F0AD98FEBC64DB3B26AB207 /* LOCAWidget.entitlements */ = {isa = PBXFileReference; lastKnownFileType = text.plist.entitlements; path = LOCAWidget.entitlements; sourceTree = "<group>"; };
		50DF0BE50BAB43A6889F9784 /* Info.plist */ = {isa = PBXFileReference; lastKnownFileType = text.plist.xml; path = Info.plist; sourceTree = "<group>"; };
/* End PBXFileReference section */

/* Begin PBXContainerItemProxy section */
		24218A533479450AAF50E8B2 /* PBXContainerItemProxy */ = {
			isa = PBXContainerItemProxy;
			containerPortal = 244BC9197C9A4B61BC59B557 /* Project object */;
			proxyType = 1;
			remoteGlobalIDString = 5592BD1A08E14C1282B8E5E2;
			remoteInfo = LOCAWidgetExtension;
		};
/* End PBXContainerItemProxy section */

/* Begin PBXFrameworksBuildPhase section */
		9035F6E4890D4F1A879A568B /* Frameworks */ = {
			isa = PBXFrameworksBuildPhase;
			buildActionMask = 2147483647;
			files = (
			);
			runOnlyForDeploymentPostprocessing = 0;
		};
		6A5006194742497DA2B17771 /* Frameworks */ = {
			isa = PBXFrameworksBuildPhase;
			buildActionMask = 2147483647;
			files = (
			);
			runOnlyForDeploymentPostprocessing = 0;
		};
/* End PBXFrameworksBuildPhase section */

/* Begin PBXCopyFilesBuildPhase section */
		BECB1076BA554C6DA0C83D44 /* Embed Foundation Extensions */ = {
			isa = PBXCopyFilesBuildPhase;
			buildActionMask = 2147483647;
			dstPath = "";
			dstSubfolderSpec = 13;
			files = (
				77A3FD304B2B4F3EA2F6C8A8 /* LOCAWidgetExtension.appex in Embed Foundation Extensions */,
			);
			name = "Embed Foundation Extensions";
			runOnlyForDeploymentPostprocessing = 0;
		};
/* End PBXCopyFilesBuildPhase section */

/* Begin PBXGroup section */
		02311C7173E542568A01CC30 /* Analytics */ = {
			isa = PBXGroup;
			children = (
				569946FBC8E24492A8D304BE /* StreakCalculator.swift */,
				309E5C93DAFF4135A33021FD /* HeatmapDataProvider.swift */,
			);
			path = "Analytics";
			sourceTree = "<group>";
		};
		F4F1967F63154944880ED1E9 /* App */ = {
			isa = PBXGroup;
			children = (
				D192A594A8C7476FB79AD5E5 /* LOCAApp.swift */,
				65B497D08B9147ADADB27C16 /* CloudKitSyncCoordinator.swift */,
			);
			path = "App";
			sourceTree = "<group>";
		};
		24BDFC51EE054F57823516F8 /* Extensions */ = {
			isa = PBXGroup;
			children = (
				0BB68499CB6448B8BE71954D /* Date+Calendar.swift */,
				51BD689F965048AD9F635B9E /* ColorPalette.swift */,
				533441C3B0D242FC81D21297 /* Double+Clamp.swift */,
			);
			path = "Extensions";
			sourceTree = "<group>";
		};
		59E66877C1B94A06856D0295 /* Models */ = {
			isa = PBXGroup;
			children = (
				1BF5771AA42C46C99A1FDF4A /* HabitBoard.swift */,
				E15B7894B47B4FE1ACE7581A /* LogEntry.swift */,
				FC04D693C900473E8FA19CE1 /* VersionedSchema.swift */,
			);
			path = "Models";
			sourceTree = "<group>";
		};
		EA17B234A6944D978E6DBBC6 /* Persistence */ = {
			isa = PBXGroup;
			children = (
				F40D958DBFBA4950AEB913FC /* ModelContainerFactory.swift */,
				ADBAB22BBFE84BF580BA03B3 /* PersistenceError.swift */,
			);
			path = "Persistence";
			sourceTree = "<group>";
		};
		66259B48986A4F20B773AECE /* Dashboard */ = {
			isa = PBXGroup;
			children = (
				C5ADB7F89AE441F3A722EE25 /* DashboardView.swift */,
				F402BD63AAD74207AB57E2FF /* HabitCardView.swift */,
			);
			path = "Dashboard";
			sourceTree = "<group>";
		};
		EFD6155F95874AC690105419 /* HabitDetail */ = {
			isa = PBXGroup;
			children = (
				DC3A045851EC4EE3BBDF8B6F /* HabitDetailView.swift */,
			);
			path = "HabitDetail";
			sourceTree = "<group>";
		};
		AFA8F5901A9643588068426D /* Navigation */ = {
			isa = PBXGroup;
			children = (
				A1C03E4B17D64A07BC01578B /* RootNavigationView.swift */,
				07A9BBF4AC5E43B1A3DADA15 /* HabitSidebarView.swift */,
			);
			path = "Navigation";
			sourceTree = "<group>";
		};
		161A506B8EBE426EBF927F79 /* Core */ = {
			isa = PBXGroup;
			children = (
				24BDFC51EE054F57823516F8 /* Extensions */,
				59E66877C1B94A06856D0295 /* Models */,
				EA17B234A6944D978E6DBBC6 /* Persistence */,
			);
			path = "Core";
			sourceTree = "<group>";
		};
		8BABE5D2374549B1AB607E28 /* Features */ = {
			isa = PBXGroup;
			children = (
				66259B48986A4F20B773AECE /* Dashboard */,
				EFD6155F95874AC690105419 /* HabitDetail */,
				AFA8F5901A9643588068426D /* Navigation */,
			);
			path = "Features";
			sourceTree = "<group>";
		};
		6219FB58FD0545589C9B1627 /* LOCA */ = {
			isa = PBXGroup;
			children = (
				02311C7173E542568A01CC30 /* Analytics */,
				F4F1967F63154944880ED1E9 /* App */,
				161A506B8EBE426EBF927F79 /* Core */,
				8BABE5D2374549B1AB607E28 /* Features */,
				8A9C51BF56E64079B43886F6 /* Assets.xcassets */,
				9E376849553C4A91A25D9095 /* LOCA.entitlements */,
			);
			path = LOCA;
			sourceTree = "<group>";
		};
		0B05EA3F23F6463C871B100B /* LOCAWidget */ = {
			isa = PBXGroup;
			children = (
				CA51C54E147F4B919C3D627B /* LOCAWidgetBundle.swift */,
				8F0AD98FEBC64DB3B26AB207 /* LOCAWidget.entitlements */,
				50DF0BE50BAB43A6889F9784 /* Info.plist */,
			);
			path = LOCAWidget;
			sourceTree = "<group>";
		};
		73B468698A0A41FD80862E55 /* Products */ = {
			isa = PBXGroup;
			children = (
				BA05021260E341A7A1FC3604 /* LOCA.app */,
				F575AFC973294ACE86454DD1 /* LOCAWidgetExtension.appex */,
			);
			name = Products;
			sourceTree = "<group>";
		};
		12B9BED1BE7F4AF8BF5609C1 = {
			isa = PBXGroup;
			children = (
				6219FB58FD0545589C9B1627 /* LOCA */,
				0B05EA3F23F6463C871B100B /* LOCAWidget */,
				73B468698A0A41FD80862E55 /* Products */,
			);
			sourceTree = "<group>";
		};
/* End PBXGroup section */

/* Begin PBXNativeTarget section */
		3DBA74ABA75944C0951650CA /* LOCA */ = {
			isa = PBXNativeTarget;
			buildConfigurationList = 7BF2193B099744A882271288 /* Build configuration list for PBXNativeTarget "LOCA" */;
			buildPhases = (
				471CA3E7A25A437699577BFD /* Sources */,
				9035F6E4890D4F1A879A568B /* Frameworks */,
				1513424757A04D16B75943D4 /* Resources */,
				BECB1076BA554C6DA0C83D44 /* Embed Foundation Extensions */,
			);
			buildRules = (
			);
			dependencies = (
				23DDEDE0313B43D3A94687F7 /* PBXTargetDependency */,
			);
			name = LOCA;
			productName = LOCA;
			productReference = BA05021260E341A7A1FC3604 /* LOCA.app */;
			productType = "com.apple.product-type.application";
		};
		5592BD1A08E14C1282B8E5E2 /* LOCAWidgetExtension */ = {
			isa = PBXNativeTarget;
			buildConfigurationList = A071EF0CD8724DE8A160E515 /* Build configuration list for PBXNativeTarget "LOCAWidgetExtension" */;
			buildPhases = (
				A6FBD9D405084159AC63C00E /* Sources */,
				6A5006194742497DA2B17771 /* Frameworks */,
				171905485D5C4341A60A26A4 /* Resources */,
			);
			buildRules = (
			);
			dependencies = (
			);
			name = LOCAWidgetExtension;
			productName = LOCAWidgetExtension;
			productReference = F575AFC973294ACE86454DD1 /* LOCAWidgetExtension.appex */;
			productType = "com.apple.product-type.app-extension";
		};
/* End PBXNativeTarget section */

/* Begin PBXProject section */
		244BC9197C9A4B61BC59B557 /* Project object */ = {
			isa = PBXProject;
			attributes = {
				BuildIndependentTargetsInParallel = 1;
				LastSwiftUpdateCheck = 1620;
				LastUpgradeCheck = 1620;
				TargetAttributes = {
					3DBA74ABA75944C0951650CA = {
						CreatedOnToolsVersion = 16.2;
					};
					5592BD1A08E14C1282B8E5E2 = {
						CreatedOnToolsVersion = 16.2;
					};
				};
			};
			buildConfigurationList = E3DDA55A600E40C6B26C168A /* Build configuration list for PBXProject "LOCA" */;
			compatibilityVersion = "Xcode 14.0";
			developmentRegion = en;
			hasScannedForEncodings = 0;
			knownRegions = (
				en,
				Base,
			);
			mainGroup = 12B9BED1BE7F4AF8BF5609C1;
			productRefGroup = 73B468698A0A41FD80862E55 /* Products */;
			projectDirPath = "";
			projectRoot = "";
			targets = (
				3DBA74ABA75944C0951650CA /* LOCA */,
				5592BD1A08E14C1282B8E5E2 /* LOCAWidgetExtension */,
			);
		};
/* End PBXProject section */

/* Begin PBXResourcesBuildPhase section */
		1513424757A04D16B75943D4 /* Resources */ = {
			isa = PBXResourcesBuildPhase;
			buildActionMask = 2147483647;
			files = (
				13581C3ECF074086AD44E990 /* Assets.xcassets in Resources */,
			);
			runOnlyForDeploymentPostprocessing = 0;
		};
		171905485D5C4341A60A26A4 /* Resources */ = {
			isa = PBXResourcesBuildPhase;
			buildActionMask = 2147483647;
			files = (
			);
			runOnlyForDeploymentPostprocessing = 0;
		};
/* End PBXResourcesBuildPhase section */

/* Begin PBXSourcesBuildPhase section */
		471CA3E7A25A437699577BFD /* Sources */ = {
			isa = PBXSourcesBuildPhase;
			buildActionMask = 2147483647;
			files = (
				D0B00566E8814C0CB51BC78F /* LOCAApp.swift in Sources */,
				543E2651A7D04872B7256D2B /* CloudKitSyncCoordinator.swift in Sources */,
				07B5246B49C842A8A0A62CF7 /* HabitBoard.swift in Sources */,
				7BE779D499F24D46B1254E5B /* LogEntry.swift in Sources */,
				7D9ECE8B113E4D4BB3610AF1 /* VersionedSchema.swift in Sources */,
				7CC1669A03F14A558D09384E /* ModelContainerFactory.swift in Sources */,
				EB52B758ACA84DBDB1566792 /* PersistenceError.swift in Sources */,
				5640D4B568234435919FDCF4 /* Date+Calendar.swift in Sources */,
				E222858FFA964D6593594B86 /* ColorPalette.swift in Sources */,
				126EF2884387457D80005C82 /* Double+Clamp.swift in Sources */,
				24DDCF8761464846A9989F3B /* StreakCalculator.swift in Sources */,
				B6726D6BD86F4C2E820CF24A /* HeatmapDataProvider.swift in Sources */,
				7FC6446FF5B84985BD3C6390 /* RootNavigationView.swift in Sources */,
				FFF68479B1644F64962ADCFD /* HabitSidebarView.swift in Sources */,
				EA0D56E615AC4F63AF0DA126 /* HabitDetailView.swift in Sources */,
				1A5DA6E1EE06422CAA1E4D99 /* DashboardView.swift in Sources */,
				227F4775AD1D4B77984D7176 /* HabitCardView.swift in Sources */,
			);
			runOnlyForDeploymentPostprocessing = 0;
		};
		A6FBD9D405084159AC63C00E /* Sources */ = {
			isa = PBXSourcesBuildPhase;
			buildActionMask = 2147483647;
			files = (
				6708C45BD26D4DDA9B003E51 /* HabitBoard.swift in Sources */,
				853B614ADBAC417BA7C0A9CE /* LogEntry.swift in Sources */,
				084662FABCF84D5A8E53B2C4 /* VersionedSchema.swift in Sources */,
				5A5ACB7F0A784A2CBFF9D9CF /* ModelContainerFactory.swift in Sources */,
				38645F7D6C684FFFACD5E496 /* PersistenceError.swift in Sources */,
				6E8FC2CEAD804E3E92D3EBAE /* Date+Calendar.swift in Sources */,
				E1C6622EE4FA44BDB5DD4C92 /* ColorPalette.swift in Sources */,
				9B0B1471D4964328BF5C3A98 /* Double+Clamp.swift in Sources */,
				1853D74F8EB3432186AD990F /* StreakCalculator.swift in Sources */,
				956E141345C647A8BE20DDFB /* HeatmapDataProvider.swift in Sources */,
				B66E568496AC4DB38F7AAF09 /* LOCAWidgetBundle.swift in Sources */,
			);
			runOnlyForDeploymentPostprocessing = 0;
		};
/* End PBXSourcesBuildPhase section */

/* Begin XCBuildConfiguration section */
		621D0DFCDE8D4A6AB0869589 /* Debug */ = {
			isa = XCBuildConfiguration;
			buildSettings = {

				ALWAYS_SEARCH_USER_PATHS = NO;
				CLANG_ANALYZER_NONNULL = YES;
				CLANG_ANALYZER_NUMBER_OBJECT_CONVERSION = YES_AGGRESSIVE;
				CLANG_ENABLE_MODULES = YES;
				CLANG_ENABLE_OBJC_ARC = YES;
				CLANG_WARN_DOCUMENTATION_COMMENTS = YES;
				CLANG_WARN_UNGUARDED_AVAILABILITY = YES_AGGRESSIVE;
				COPY_PHASE_STRIP = NO;
				DEBUG_INFORMATION_FORMAT = dwarf;
				ENABLE_STRICT_OBJC_MSGSEND = YES;
				ENABLE_TESTABILITY = YES;
				GCC_C_LANGUAGE_STANDARD = gnu17;
				GCC_DYNAMIC_NO_PIC = NO;
				GCC_NO_COMMON_BLOCKS = YES;
				GCC_OPTIMIZATION_LEVEL = 0;
				GCC_PREPROCESSOR_DEFINITIONS = (
					"DEBUG=1",
					"$(inherited)",
				);
				MACOSX_DEPLOYMENT_TARGET = 14.0;
				IPHONEOS_DEPLOYMENT_TARGET = 17.0;
				MTL_ENABLE_DEBUG_INFO = INCLUDE_SOURCE;
				ONLY_ACTIVE_ARCH = YES;
				SDKROOT = auto;
				SUPPORTED_PLATFORMS = "iphoneos iphonesimulator macosx";
				SUPPORTS_MACCATALYST = NO;
				SWIFT_ACTIVE_COMPILATION_CONDITIONS = "DEBUG $(inherited)";
				SWIFT_OPTIMIZATION_LEVEL = "-Onone";
				SWIFT_VERSION = 6.0;
				SWIFT_STRICT_CONCURRENCY = complete;
			};
			name = Debug;
		};
		06AB3FF14BD2408C8A7ADCC0 /* Release */ = {
			isa = XCBuildConfiguration;
			buildSettings = {

				ALWAYS_SEARCH_USER_PATHS = NO;
				CLANG_ANALYZER_NONNULL = YES;
				CLANG_ANALYZER_NUMBER_OBJECT_CONVERSION = YES_AGGRESSIVE;
				CLANG_ENABLE_MODULES = YES;
				CLANG_ENABLE_OBJC_ARC = YES;
				CLANG_WARN_DOCUMENTATION_COMMENTS = YES;
				CLANG_WARN_UNGUARDED_AVAILABILITY = YES_AGGRESSIVE;
				COPY_PHASE_STRIP = NO;
				DEBUG_INFORMATION_FORMAT = "dwarf-with-dsym";
				ENABLE_NS_ASSERTIONS = NO;
				ENABLE_STRICT_OBJC_MSGSEND = YES;
				GCC_C_LANGUAGE_STANDARD = gnu17;
				GCC_NO_COMMON_BLOCKS = YES;
				MACOSX_DEPLOYMENT_TARGET = 14.0;
				IPHONEOS_DEPLOYMENT_TARGET = 17.0;
				MTL_ENABLE_DEBUG_INFO = NO;
				SDKROOT = auto;
				SUPPORTED_PLATFORMS = "iphoneos iphonesimulator macosx";
				SUPPORTS_MACCATALYST = NO;
				SWIFT_COMPILATION_MODE = wholemodule;
				SWIFT_VERSION = 6.0;
				SWIFT_STRICT_CONCURRENCY = complete;
				VALIDATE_PRODUCT = YES;
			};
			name = Release;
		};
		9425CF6CF76D44E1B74A1A24 /* Debug */ = {
			isa = XCBuildConfiguration;
			buildSettings = {
				ASSETCATALOG_COMPILER_APPICON_NAME = AppIcon;
				ASSETCATALOG_COMPILER_GLOBAL_ACCENT_COLOR_NAME = AccentColor;
				CODE_SIGN_ENTITLEMENTS = LOCA/LOCA.entitlements;
				CODE_SIGN_STYLE = Automatic;
				CURRENT_PROJECT_VERSION = 1;
				GENERATE_INFOPLIST_FILE = YES;
				INFOPLIST_KEY_UIApplicationSceneManifest_Generation = YES;
				INFOPLIST_KEY_UILaunchScreen_Generation = YES;
				INFOPLIST_KEY_UISupportedInterfaceOrientations = "UIInterfaceOrientationPortrait UIInterfaceOrientationLandscapeLeft UIInterfaceOrientationLandscapeRight";
				MARKETING_VERSION = 1.0;
				PRODUCT_BUNDLE_IDENTIFIER = com.mihirmaru.loca;
				PRODUCT_NAME = "$(TARGET_NAME)";
				SWIFT_EMIT_LOC_STRINGS = YES;
				TARGETED_DEVICE_FAMILY = "1,2";
			};
			name = Debug;
		};
		16CD868166AD4AFA9358E2DF /* Release */ = {
			isa = XCBuildConfiguration;
			buildSettings = {
				ASSETCATALOG_COMPILER_APPICON_NAME = AppIcon;
				ASSETCATALOG_COMPILER_GLOBAL_ACCENT_COLOR_NAME = AccentColor;
				CODE_SIGN_ENTITLEMENTS = LOCA/LOCA.entitlements;
				CODE_SIGN_STYLE = Automatic;
				CURRENT_PROJECT_VERSION = 1;
				GENERATE_INFOPLIST_FILE = YES;
				INFOPLIST_KEY_UIApplicationSceneManifest_Generation = YES;
				INFOPLIST_KEY_UILaunchScreen_Generation = YES;
				INFOPLIST_KEY_UISupportedInterfaceOrientations = "UIInterfaceOrientationPortrait UIInterfaceOrientationLandscapeLeft UIInterfaceOrientationLandscapeRight";
				MARKETING_VERSION = 1.0;
				PRODUCT_BUNDLE_IDENTIFIER = com.mihirmaru.loca;
				PRODUCT_NAME = "$(TARGET_NAME)";
				SWIFT_EMIT_LOC_STRINGS = YES;
				TARGETED_DEVICE_FAMILY = "1,2";
			};
			name = Release;
		};
		BD3CF7C5DCAB44F09496CFEC /* Debug */ = {
			isa = XCBuildConfiguration;
			buildSettings = {
				CODE_SIGN_ENTITLEMENTS = LOCAWidget/LOCAWidget.entitlements;
				CODE_SIGN_STYLE = Automatic;
				CURRENT_PROJECT_VERSION = 1;
				GENERATE_INFOPLIST_FILE = NO;
				INFOPLIST_FILE = LOCAWidget/Info.plist;
				INFOPLIST_KEY_CFBundleDisplayName = "LOCA Widget";
				MARKETING_VERSION = 1.0;
				PRODUCT_BUNDLE_IDENTIFIER = com.mihirmaru.loca.widget;
				PRODUCT_NAME = "$(TARGET_NAME)";
				SKIP_INSTALL = YES;
				SWIFT_EMIT_LOC_STRINGS = YES;
				TARGETED_DEVICE_FAMILY = "1,2";
			};
			name = Debug;
		};
		EFEB3397D3304C1A99EB3D2C /* Release */ = {
			isa = XCBuildConfiguration;
			buildSettings = {
				CODE_SIGN_ENTITLEMENTS = LOCAWidget/LOCAWidget.entitlements;
				CODE_SIGN_STYLE = Automatic;
				CURRENT_PROJECT_VERSION = 1;
				GENERATE_INFOPLIST_FILE = NO;
				INFOPLIST_FILE = LOCAWidget/Info.plist;
				INFOPLIST_KEY_CFBundleDisplayName = "LOCA Widget";
				MARKETING_VERSION = 1.0;
				PRODUCT_BUNDLE_IDENTIFIER = com.mihirmaru.loca.widget;
				PRODUCT_NAME = "$(TARGET_NAME)";
				SKIP_INSTALL = YES;
				SWIFT_EMIT_LOC_STRINGS = YES;
				TARGETED_DEVICE_FAMILY = "1,2";
			};
			name = Release;
		};
/* End XCBuildConfiguration section */

/* Begin XCConfigurationList section */
		E3DDA55A600E40C6B26C168A /* Build configuration list for PBXProject "LOCA" */ = {
			isa = XCConfigurationList;
			buildConfigurations = (
				621D0DFCDE8D4A6AB0869589 /* Debug */,
				06AB3FF14BD2408C8A7ADCC0 /* Release */,
			);
			defaultConfigurationIsVisible = 0;
			defaultConfigurationName = Release;
		};
		7BF2193B099744A882271288 /* Build configuration list for PBXNativeTarget "LOCA" */ = {
			isa = XCConfigurationList;
			buildConfigurations = (
				9425CF6CF76D44E1B74A1A24 /* Debug */,
				16CD868166AD4AFA9358E2DF /* Release */,
			);
			defaultConfigurationIsVisible = 0;
			defaultConfigurationName = Release;
		};
		A071EF0CD8724DE8A160E515 /* Build configuration list for PBXNativeTarget "LOCAWidgetExtension" */ = {
			isa = XCConfigurationList;
			buildConfigurations = (
				BD3CF7C5DCAB44F09496CFEC /* Debug */,
				EFEB3397D3304C1A99EB3D2C /* Release */,
			);
			defaultConfigurationIsVisible = 0;
			defaultConfigurationName = Release;
		};
/* End XCConfigurationList section */

/* Begin PBXTargetDependency section */
		23DDEDE0313B43D3A94687F7 /* PBXTargetDependency */ = {
			isa = PBXTargetDependency;
			target = 5592BD1A08E14C1282B8E5E2 /* LOCAWidgetExtension */;
			targetProxy = 24218A533479450AAF50E8B2 /* PBXContainerItemProxy */;
		};
/* End PBXTargetDependency section */

	};
	rootObject = 244BC9197C9A4B61BC59B557 /* Project object */;
}