// !$*UTF8*$!
{
	archiveVersion = 1;
	classes = {
	};
	objectVersion = 56;
	objects = {

/* Begin PBXBuildFile section */
		379974B6CE0740859EC2FEE1 /* LOCAApp.swift in Sources */ = {isa = PBXBuildFile; fileRef = ED7ACDA58C3E4BDEBE2C56D4 /* LOCAApp.swift */; };
		55654AAB18274802961E09B3 /* CloudKitSyncCoordinator.swift in Sources */ = {isa = PBXBuildFile; fileRef = 77112F8F8C3D4FBE9DB9C118 /* CloudKitSyncCoordinator.swift */; };
		9C78FFD6672C450CBA1050C9 /* HabitBoard.swift in Sources */ = {isa = PBXBuildFile; fileRef = 3EDAE579D1F5416B843A987B /* HabitBoard.swift */; };
		214E1A7EC921479595DC9850 /* HabitBoard.swift in Sources */ = {isa = PBXBuildFile; fileRef = 3EDAE579D1F5416B843A987B /* HabitBoard.swift */; };
		903FBF442D1449EF88EF4C09 /* LogEntry.swift in Sources */ = {isa = PBXBuildFile; fileRef = D4CF759606464EAA8CD7E811 /* LogEntry.swift */; };
		07966D07DFA74DC9A5625857 /* LogEntry.swift in Sources */ = {isa = PBXBuildFile; fileRef = D4CF759606464EAA8CD7E811 /* LogEntry.swift */; };
		48DBE163071B48E2B16AC296 /* VersionedSchema.swift in Sources */ = {isa = PBXBuildFile; fileRef = 6BA93271E41141ACAFB1CDCF /* VersionedSchema.swift */; };
		460E2DC1B2644614A6B9E42B /* VersionedSchema.swift in Sources */ = {isa = PBXBuildFile; fileRef = 6BA93271E41141ACAFB1CDCF /* VersionedSchema.swift */; };
		23C0B9E5AFFE49A9B7C8341E /* ModelContainerFactory.swift in Sources */ = {isa = PBXBuildFile; fileRef = FC7F834D2F994532993C15EE /* ModelContainerFactory.swift */; };
		BDEDAEB6541543CDB83C1043 /* ModelContainerFactory.swift in Sources */ = {isa = PBXBuildFile; fileRef = FC7F834D2F994532993C15EE /* ModelContainerFactory.swift */; };
		211BFCA0E9FB407D826D13BC /* PersistenceError.swift in Sources */ = {isa = PBXBuildFile; fileRef = C0A3DD5943DE4D5EB6DDBEF3 /* PersistenceError.swift */; };
		AF008785BC0B4FE3869D0421 /* PersistenceError.swift in Sources */ = {isa = PBXBuildFile; fileRef = C0A3DD5943DE4D5EB6DDBEF3 /* PersistenceError.swift */; };
		03217532D3DD40668798CB26 /* Date+Calendar.swift in Sources */ = {isa = PBXBuildFile; fileRef = 0FDF48FE459E44FE9AF399F2 /* Date+Calendar.swift */; };
		9A71664305354EDBBE9CD218 /* Date+Calendar.swift in Sources */ = {isa = PBXBuildFile; fileRef = 0FDF48FE459E44FE9AF399F2 /* Date+Calendar.swift */; };
		236EC5AD54F74BC39A5F6A0C /* ColorPalette.swift in Sources */ = {isa = PBXBuildFile; fileRef = 2FEBB4B911BE4E03934D3D64 /* ColorPalette.swift */; };
		15F13CC9CC704ECBB15E2504 /* ColorPalette.swift in Sources */ = {isa = PBXBuildFile; fileRef = 2FEBB4B911BE4E03934D3D64 /* ColorPalette.swift */; };
		855D3DA1B6CA4B94AE52C507 /* Double+Clamp.swift in Sources */ = {isa = PBXBuildFile; fileRef = 657E40BB6F4740A69E37C0CD /* Double+Clamp.swift */; };
		D34C8FD1C25245C7A1CFE0B7 /* Double+Clamp.swift in Sources */ = {isa = PBXBuildFile; fileRef = 657E40BB6F4740A69E37C0CD /* Double+Clamp.swift */; };
		FE5DC073456644199FEA80AB /* StreakCalculator.swift in Sources */ = {isa = PBXBuildFile; fileRef = D07F4C2F8F5C48F6B2F7B9BE /* StreakCalculator.swift */; };
		8F072860CE9E404DADBF4169 /* StreakCalculator.swift in Sources */ = {isa = PBXBuildFile; fileRef = D07F4C2F8F5C48F6B2F7B9BE /* StreakCalculator.swift */; };
		5E38BA05CFD34F18A3368D4F /* HeatmapDataProvider.swift in Sources */ = {isa = PBXBuildFile; fileRef = DBD8A35CF34F4DED992EEEEE /* HeatmapDataProvider.swift */; };
		81B7A906115045438B213A5B /* HeatmapDataProvider.swift in Sources */ = {isa = PBXBuildFile; fileRef = DBD8A35CF34F4DED992EEEEE /* HeatmapDataProvider.swift */; };
		0384FFE74AAC4781801AC5A3 /* RootNavigationView.swift in Sources */ = {isa = PBXBuildFile; fileRef = 458CCE8A49FC4AD193B17BE7 /* RootNavigationView.swift */; };
		251B9C84C6B74D94BD51838A /* HabitSidebarView.swift in Sources */ = {isa = PBXBuildFile; fileRef = F224702DAB3348A88A3E2002 /* HabitSidebarView.swift */; };
		FC36D2561BDC45B4BCCD3C77 /* HabitDetailView.swift in Sources */ = {isa = PBXBuildFile; fileRef = 145187AF8B774C41A953F9F6 /* HabitDetailView.swift */; };
		1DDDD10568764DAB9C7E34F8 /* HeatmapView.swift in Sources */ = {isa = PBXBuildFile; fileRef = 49B4B8630D894A93B91B8EB1 /* HeatmapView.swift */; };
		7CF12A6CAD9D4222BE275185 /* AnalyticsCardsView.swift in Sources */ = {isa = PBXBuildFile; fileRef = B09F6657CF6A4E22BD11B5B4 /* AnalyticsCardsView.swift */; };
		3390953CF2F442A6928D8E6C /* DashboardView.swift in Sources */ = {isa = PBXBuildFile; fileRef = EB75A7D529D443739DEFBDF5 /* DashboardView.swift */; };
		0999D3A90F834C9887615C22 /* HabitCardView.swift in Sources */ = {isa = PBXBuildFile; fileRef = 9A9BBAACB4734A238BF89B4D /* HabitCardView.swift */; };
		0456011D282B4AAA88AF851E /* LOCAWidgetBundle.swift in Sources */ = {isa = PBXBuildFile; fileRef = 3BF8835254DE4F1FBBE87C15 /* LOCAWidgetBundle.swift */; };
		2FA1C68989AD4043BF3C5F55 /* Assets.xcassets in Resources */ = {isa = PBXBuildFile; fileRef = D657A821CF2B4944A325C5B0 /* Assets.xcassets */; };
		B71A1D7F5D21499F9950E4BF /* LOCAWidgetExtension.appex in Embed Foundation Extensions */ = {isa = PBXBuildFile; fileRef = 862FA499DFDE40ACAD3002AE /* LOCAWidgetExtension.appex */; settings = {ATTRIBUTES = (RemoveHeadersOnCopy, ); }; };
/* End PBXBuildFile section */

/* Begin PBXFileReference section */
		ED7ACDA58C3E4BDEBE2C56D4 /* LOCAApp.swift */ = {isa = PBXFileReference; lastKnownFileType = sourcecode.swift; path = "LOCAApp.swift"; sourceTree = "<group>"; };
		77112F8F8C3D4FBE9DB9C118 /* CloudKitSyncCoordinator.swift */ = {isa = PBXFileReference; lastKnownFileType = sourcecode.swift; path = "CloudKitSyncCoordinator.swift"; sourceTree = "<group>"; };
		3EDAE579D1F5416B843A987B /* HabitBoard.swift */ = {isa = PBXFileReference; lastKnownFileType = sourcecode.swift; path = "HabitBoard.swift"; sourceTree = "<group>"; };
		D4CF759606464EAA8CD7E811 /* LogEntry.swift */ = {isa = PBXFileReference; lastKnownFileType = sourcecode.swift; path = "LogEntry.swift"; sourceTree = "<group>"; };
		6BA93271E41141ACAFB1CDCF /* VersionedSchema.swift */ = {isa = PBXFileReference; lastKnownFileType = sourcecode.swift; path = "VersionedSchema.swift"; sourceTree = "<group>"; };
		FC7F834D2F994532993C15EE /* ModelContainerFactory.swift */ = {isa = PBXFileReference; lastKnownFileType = sourcecode.swift; path = "ModelContainerFactory.swift"; sourceTree = "<group>"; };
		C0A3DD5943DE4D5EB6DDBEF3 /* PersistenceError.swift */ = {isa = PBXFileReference; lastKnownFileType = sourcecode.swift; path = "PersistenceError.swift"; sourceTree = "<group>"; };
		0FDF48FE459E44FE9AF399F2 /* Date+Calendar.swift */ = {isa = PBXFileReference; lastKnownFileType = sourcecode.swift; path = "Date+Calendar.swift"; sourceTree = "<group>"; };
		2FEBB4B911BE4E03934D3D64 /* ColorPalette.swift */ = {isa = PBXFileReference; lastKnownFileType = sourcecode.swift; path = "ColorPalette.swift"; sourceTree = "<group>"; };
		657E40BB6F4740A69E37C0CD /* Double+Clamp.swift */ = {isa = PBXFileReference; lastKnownFileType = sourcecode.swift; path = "Double+Clamp.swift"; sourceTree = "<group>"; };
		D07F4C2F8F5C48F6B2F7B9BE /* StreakCalculator.swift */ = {isa = PBXFileReference; lastKnownFileType = sourcecode.swift; path = "StreakCalculator.swift"; sourceTree = "<group>"; };
		DBD8A35CF34F4DED992EEEEE /* HeatmapDataProvider.swift */ = {isa = PBXFileReference; lastKnownFileType = sourcecode.swift; path = "HeatmapDataProvider.swift"; sourceTree = "<group>"; };
		458CCE8A49FC4AD193B17BE7 /* RootNavigationView.swift */ = {isa = PBXFileReference; lastKnownFileType = sourcecode.swift; path = "RootNavigationView.swift"; sourceTree = "<group>"; };
		F224702DAB3348A88A3E2002 /* HabitSidebarView.swift */ = {isa = PBXFileReference; lastKnownFileType = sourcecode.swift; path = "HabitSidebarView.swift"; sourceTree = "<group>"; };
		145187AF8B774C41A953F9F6 /* HabitDetailView.swift */ = {isa = PBXFileReference; lastKnownFileType = sourcecode.swift; path = "HabitDetailView.swift"; sourceTree = "<group>"; };
		49B4B8630D894A93B91B8EB1 /* HeatmapView.swift */ = {isa = PBXFileReference; lastKnownFileType = sourcecode.swift; path = "HeatmapView.swift"; sourceTree = "<group>"; };
		B09F6657CF6A4E22BD11B5B4 /* AnalyticsCardsView.swift */ = {isa = PBXFileReference; lastKnownFileType = sourcecode.swift; path = "AnalyticsCardsView.swift"; sourceTree = "<group>"; };
		EB75A7D529D443739DEFBDF5 /* DashboardView.swift */ = {isa = PBXFileReference; lastKnownFileType = sourcecode.swift; path = "DashboardView.swift"; sourceTree = "<group>"; };
		9A9BBAACB4734A238BF89B4D /* HabitCardView.swift */ = {isa = PBXFileReference; lastKnownFileType = sourcecode.swift; path = "HabitCardView.swift"; sourceTree = "<group>"; };
		3BF8835254DE4F1FBBE87C15 /* LOCAWidgetBundle.swift */ = {isa = PBXFileReference; lastKnownFileType = sourcecode.swift; path = "LOCAWidgetBundle.swift"; sourceTree = "<group>"; };
		6C6C4AE195004570A892384D /* LOCA.app */ = {isa = PBXFileReference; explicitFileType = wrapper.application; includeInIndex = 0; path = LOCA.app; sourceTree = BUILT_PRODUCTS_DIR; };
		862FA499DFDE40ACAD3002AE /* LOCAWidgetExtension.appex */ = {isa = PBXFileReference; explicitFileType = "wrapper.app-extension"; includeInIndex = 0; path = LOCAWidgetExtension.appex; sourceTree = BUILT_PRODUCTS_DIR; };
		D657A821CF2B4944A325C5B0 /* Assets.xcassets */ = {isa = PBXFileReference; lastKnownFileType = folder.assetcatalog; path = Assets.xcassets; sourceTree = "<group>"; };
		059B85CF57874939AA23B0AA /* LOCA.entitlements */ = {isa = PBXFileReference; lastKnownFileType = text.plist.entitlements; path = LOCA.entitlements; sourceTree = "<group>"; };
		97233FDC4DCE4C1880A48361 /* LOCAWidget.entitlements */ = {isa = PBXFileReference; lastKnownFileType = text.plist.entitlements; path = LOCAWidget.entitlements; sourceTree = "<group>"; };
		E8D6C2A82EBC46C2B17C8C89 /* LOCA-Debug.entitlements */ = {isa = PBXFileReference; lastKnownFileType = text.plist.entitlements; path = "LOCA-Debug.entitlements"; sourceTree = "<group>"; };
		44C88978D0E14620BCC6358F /* LOCAWidget-Debug.entitlements */ = {isa = PBXFileReference; lastKnownFileType = text.plist.entitlements; path = "LOCAWidget-Debug.entitlements"; sourceTree = "<group>"; };
		68A4956D8BA6468DA96604A4 /* Info.plist */ = {isa = PBXFileReference; lastKnownFileType = text.plist.xml; path = Info.plist; sourceTree = "<group>"; };
/* End PBXFileReference section */

/* Begin PBXContainerItemProxy section */
		482932CD3BFB4A3BBCB58D0E /* PBXContainerItemProxy */ = {
			isa = PBXContainerItemProxy;
			containerPortal = 6D8A793CFF2B457AA48423EC /* Project object */;
			proxyType = 1;
			remoteGlobalIDString = A0273CE6149B4A35954ADFA4;
			remoteInfo = LOCAWidgetExtension;
		};
/* End PBXContainerItemProxy section */

/* Begin PBXFrameworksBuildPhase section */
		B017193834CD4C7F9AE81455 /* Frameworks */ = {
			isa = PBXFrameworksBuildPhase;
			buildActionMask = 2147483647;
			files = (
			);
			runOnlyForDeploymentPostprocessing = 0;
		};
		FB335D1EF9534AC0B9AB3AB6 /* Frameworks */ = {
			isa = PBXFrameworksBuildPhase;
			buildActionMask = 2147483647;
			files = (
			);
			runOnlyForDeploymentPostprocessing = 0;
		};
/* End PBXFrameworksBuildPhase section */

/* Begin PBXCopyFilesBuildPhase section */
		18A86BD70B7444009560CA4D /* Embed Foundation Extensions */ = {
			isa = PBXCopyFilesBuildPhase;
			buildActionMask = 2147483647;
			dstPath = "";
			dstSubfolderSpec = 13;
			files = (
				B71A1D7F5D21499F9950E4BF /* LOCAWidgetExtension.appex in Embed Foundation Extensions */,
			);
			name = "Embed Foundation Extensions";
			runOnlyForDeploymentPostprocessing = 0;
		};
/* End PBXCopyFilesBuildPhase section */

/* Begin PBXGroup section */
		E1D046C4CB9D40989BE10D65 /* Analytics */ = {
			isa = PBXGroup;
			children = (
				D07F4C2F8F5C48F6B2F7B9BE /* StreakCalculator.swift */,
				DBD8A35CF34F4DED992EEEEE /* HeatmapDataProvider.swift */,
			);
			path = "Analytics";
			sourceTree = "<group>";
		};
		3C043B0E5CB24BF3AFD24485 /* App */ = {
			isa = PBXGroup;
			children = (
				ED7ACDA58C3E4BDEBE2C56D4 /* LOCAApp.swift */,
				77112F8F8C3D4FBE9DB9C118 /* CloudKitSyncCoordinator.swift */,
			);
			path = "App";
			sourceTree = "<group>";
		};
		3EAFA88499B341959EB825CD /* Extensions */ = {
			isa = PBXGroup;
			children = (
				0FDF48FE459E44FE9AF399F2 /* Date+Calendar.swift */,
				2FEBB4B911BE4E03934D3D64 /* ColorPalette.swift */,
				657E40BB6F4740A69E37C0CD /* Double+Clamp.swift */,
			);
			path = "Extensions";
			sourceTree = "<group>";
		};
		51A6B15AB64D4029961B6809 /* Models */ = {
			isa = PBXGroup;
			children = (
				3EDAE579D1F5416B843A987B /* HabitBoard.swift */,
				D4CF759606464EAA8CD7E811 /* LogEntry.swift */,
				6BA93271E41141ACAFB1CDCF /* VersionedSchema.swift */,
			);
			path = "Models";
			sourceTree = "<group>";
		};
		6BFA73FB23464F649E492D4D /* Persistence */ = {
			isa = PBXGroup;
			children = (
				FC7F834D2F994532993C15EE /* ModelContainerFactory.swift */,
				C0A3DD5943DE4D5EB6DDBEF3 /* PersistenceError.swift */,
			);
			path = "Persistence";
			sourceTree = "<group>";
		};
		B6FB0929F4C04340AFDEB224 /* Dashboard */ = {
			isa = PBXGroup;
			children = (
				EB75A7D529D443739DEFBDF5 /* DashboardView.swift */,
				9A9BBAACB4734A238BF89B4D /* HabitCardView.swift */,
			);
			path = "Dashboard";
			sourceTree = "<group>";
		};
		3BF786AB21F5417FA986003E /* HabitDetail */ = {
			isa = PBXGroup;
			children = (
				145187AF8B774C41A953F9F6 /* HabitDetailView.swift */,
				49B4B8630D894A93B91B8EB1 /* HeatmapView.swift */,
				B09F6657CF6A4E22BD11B5B4 /* AnalyticsCardsView.swift */,
			);
			path = "HabitDetail";
			sourceTree = "<group>";
		};
		ADCA6EF125C94E1198BECADC /* Navigation */ = {
			isa = PBXGroup;
			children = (
				458CCE8A49FC4AD193B17BE7 /* RootNavigationView.swift */,
				F224702DAB3348A88A3E2002 /* HabitSidebarView.swift */,
			);
			path = "Navigation";
			sourceTree = "<group>";
		};
		167F9A6B4B21467AA423BBE4 /* Core */ = {
			isa = PBXGroup;
			children = (
				3EAFA88499B341959EB825CD /* Extensions */,
				51A6B15AB64D4029961B6809 /* Models */,
				6BFA73FB23464F649E492D4D /* Persistence */,
			);
			path = "Core";
			sourceTree = "<group>";
		};
		840F10DA3BAD4606BF7A4A35 /* Features */ = {
			isa = PBXGroup;
			children = (
				B6FB0929F4C04340AFDEB224 /* Dashboard */,
				3BF786AB21F5417FA986003E /* HabitDetail */,
				ADCA6EF125C94E1198BECADC /* Navigation */,
			);
			path = "Features";
			sourceTree = "<group>";
		};
		7FCDD2692D0F4B33AFE19DF1 /* LOCA */ = {
			isa = PBXGroup;
			children = (
				E1D046C4CB9D40989BE10D65 /* Analytics */,
				3C043B0E5CB24BF3AFD24485 /* App */,
				167F9A6B4B21467AA423BBE4 /* Core */,
				840F10DA3BAD4606BF7A4A35 /* Features */,
				D657A821CF2B4944A325C5B0 /* Assets.xcassets */,
				059B85CF57874939AA23B0AA /* LOCA.entitlements */,
				E8D6C2A82EBC46C2B17C8C89 /* LOCA-Debug.entitlements */,
			);
			path = LOCA;
			sourceTree = "<group>";
		};
		628F61F747704F05B8A4E451 /* LOCAWidget */ = {
			isa = PBXGroup;
			children = (
				3BF8835254DE4F1FBBE87C15 /* LOCAWidgetBundle.swift */,
				97233FDC4DCE4C1880A48361 /* LOCAWidget.entitlements */,
				44C88978D0E14620BCC6358F /* LOCAWidget-Debug.entitlements */,
				68A4956D8BA6468DA96604A4 /* Info.plist */,
			);
			path = LOCAWidget;
			sourceTree = "<group>";
		};
		B668F89E858C4776A0BA690C /* Products */ = {
			isa = PBXGroup;
			children = (
				6C6C4AE195004570A892384D /* LOCA.app */,
				862FA499DFDE40ACAD3002AE /* LOCAWidgetExtension.appex */,
			);
			name = Products;
			sourceTree = "<group>";
		};
		8E4AFE5E04D3495890E4E5FA = {
			isa = PBXGroup;
			children = (
				7FCDD2692D0F4B33AFE19DF1 /* LOCA */,
				628F61F747704F05B8A4E451 /* LOCAWidget */,
				B668F89E858C4776A0BA690C /* Products */,
			);
			sourceTree = "<group>";
		};
/* End PBXGroup section */

/* Begin PBXNativeTarget section */
		88F993856981441F9B91A6FC /* LOCA */ = {
			isa = PBXNativeTarget;
			buildConfigurationList = 0000EACCF9AE4F2C804D3B5D /* Build configuration list for PBXNativeTarget "LOCA" */;
			buildPhases = (
				D6200A0B498B495A894C1E15 /* Sources */,
				B017193834CD4C7F9AE81455 /* Frameworks */,
				76B9C56502054DAF93B89ECE /* Resources */,
				18A86BD70B7444009560CA4D /* Embed Foundation Extensions */,
			);
			buildRules = (
			);
			dependencies = (
				A3ACAA0752034294921E0D14 /* PBXTargetDependency */,
			);
			name = LOCA;
			productName = LOCA;
			productReference = 6C6C4AE195004570A892384D /* LOCA.app */;
			productType = "com.apple.product-type.application";
		};
		A0273CE6149B4A35954ADFA4 /* LOCAWidgetExtension */ = {
			isa = PBXNativeTarget;
			buildConfigurationList = 3273E340692C445EA9629A14 /* Build configuration list for PBXNativeTarget "LOCAWidgetExtension" */;
			buildPhases = (
				E499FC0B9D5F41F488F60F97 /* Sources */,
				FB335D1EF9534AC0B9AB3AB6 /* Frameworks */,
				D08711882474438394ABDB79 /* Resources */,
			);
			buildRules = (
			);
			dependencies = (
			);
			name = LOCAWidgetExtension;
			productName = LOCAWidgetExtension;
			productReference = 862FA499DFDE40ACAD3002AE /* LOCAWidgetExtension.appex */;
			productType = "com.apple.product-type.app-extension";
		};
/* End PBXNativeTarget section */

/* Begin PBXProject section */
		6D8A793CFF2B457AA48423EC /* Project object */ = {
			isa = PBXProject;
			attributes = {
				BuildIndependentTargetsInParallel = 1;
				LastSwiftUpdateCheck = 1620;
				LastUpgradeCheck = 1620;
				TargetAttributes = {
					88F993856981441F9B91A6FC = {
						CreatedOnToolsVersion = 16.2;
						SystemCapabilities = {
							com.apple.ApplicationGroups.iOS = {
								enabled = 1;
							};
							com.apple.iCloud = {
								enabled = 1;
							};
						};
					};
					A0273CE6149B4A35954ADFA4 = {
						CreatedOnToolsVersion = 16.2;
						SystemCapabilities = {
							com.apple.ApplicationGroups.iOS = {
								enabled = 1;
							};
							com.apple.iCloud = {
								enabled = 1;
							};
						};
					};
				};
			};
			buildConfigurationList = 230B8095CF494CEB95991ED9 /* Build configuration list for PBXProject "LOCA" */;
			compatibilityVersion = "Xcode 14.0";
			developmentRegion = en;
			hasScannedForEncodings = 0;
			knownRegions = (
				en,
				Base,
			);
			mainGroup = 8E4AFE5E04D3495890E4E5FA;
			productRefGroup = B668F89E858C4776A0BA690C /* Products */;
			projectDirPath = "";
			projectRoot = "";
			targets = (
				88F993856981441F9B91A6FC /* LOCA */,
				A0273CE6149B4A35954ADFA4 /* LOCAWidgetExtension */,
			);
		};
/* End PBXProject section */

/* Begin PBXResourcesBuildPhase section */
		76B9C56502054DAF93B89ECE /* Resources */ = {
			isa = PBXResourcesBuildPhase;
			buildActionMask = 2147483647;
			files = (
				2FA1C68989AD4043BF3C5F55 /* Assets.xcassets in Resources */,
			);
			runOnlyForDeploymentPostprocessing = 0;
		};
		D08711882474438394ABDB79 /* Resources */ = {
			isa = PBXResourcesBuildPhase;
			buildActionMask = 2147483647;
			files = (
			);
			runOnlyForDeploymentPostprocessing = 0;
		};
/* End PBXResourcesBuildPhase section */

/* Begin PBXSourcesBuildPhase section */
		D6200A0B498B495A894C1E15 /* Sources */ = {
			isa = PBXSourcesBuildPhase;
			buildActionMask = 2147483647;
			files = (
				379974B6CE0740859EC2FEE1 /* LOCAApp.swift in Sources */,
				55654AAB18274802961E09B3 /* CloudKitSyncCoordinator.swift in Sources */,
				9C78FFD6672C450CBA1050C9 /* HabitBoard.swift in Sources */,
				903FBF442D1449EF88EF4C09 /* LogEntry.swift in Sources */,
				48DBE163071B48E2B16AC296 /* VersionedSchema.swift in Sources */,
				23C0B9E5AFFE49A9B7C8341E /* ModelContainerFactory.swift in Sources */,
				211BFCA0E9FB407D826D13BC /* PersistenceError.swift in Sources */,
				03217532D3DD40668798CB26 /* Date+Calendar.swift in Sources */,
				236EC5AD54F74BC39A5F6A0C /* ColorPalette.swift in Sources */,
				855D3DA1B6CA4B94AE52C507 /* Double+Clamp.swift in Sources */,
				FE5DC073456644199FEA80AB /* StreakCalculator.swift in Sources */,
				5E38BA05CFD34F18A3368D4F /* HeatmapDataProvider.swift in Sources */,
				0384FFE74AAC4781801AC5A3 /* RootNavigationView.swift in Sources */,
				251B9C84C6B74D94BD51838A /* HabitSidebarView.swift in Sources */,
				FC36D2561BDC45B4BCCD3C77 /* HabitDetailView.swift in Sources */,
				1DDDD10568764DAB9C7E34F8 /* HeatmapView.swift in Sources */,
				7CF12A6CAD9D4222BE275185 /* AnalyticsCardsView.swift in Sources */,
				3390953CF2F442A6928D8E6C /* DashboardView.swift in Sources */,
				0999D3A90F834C9887615C22 /* HabitCardView.swift in Sources */,
			);
			runOnlyForDeploymentPostprocessing = 0;
		};
		E499FC0B9D5F41F488F60F97 /* Sources */ = {
			isa = PBXSourcesBuildPhase;
			buildActionMask = 2147483647;
			files = (
				214E1A7EC921479595DC9850 /* HabitBoard.swift in Sources */,
				07966D07DFA74DC9A5625857 /* LogEntry.swift in Sources */,
				460E2DC1B2644614A6B9E42B /* VersionedSchema.swift in Sources */,
				BDEDAEB6541543CDB83C1043 /* ModelContainerFactory.swift in Sources */,
				AF008785BC0B4FE3869D0421 /* PersistenceError.swift in Sources */,
				9A71664305354EDBBE9CD218 /* Date+Calendar.swift in Sources */,
				15F13CC9CC704ECBB15E2504 /* ColorPalette.swift in Sources */,
				D34C8FD1C25245C7A1CFE0B7 /* Double+Clamp.swift in Sources */,
				8F072860CE9E404DADBF4169 /* StreakCalculator.swift in Sources */,
				81B7A906115045438B213A5B /* HeatmapDataProvider.swift in Sources */,
				0456011D282B4AAA88AF851E /* LOCAWidgetBundle.swift in Sources */,
			);
			runOnlyForDeploymentPostprocessing = 0;
		};
/* End PBXSourcesBuildPhase section */

/* Begin XCBuildConfiguration section */
		007EF4488AB844429BF3A2E6 /* Debug */ = {
			isa = XCBuildConfiguration;
			buildSettings = {

				ALWAYS_SEARCH_USER_PATHS = NO;
				CLANG_ANALYZER_NONNULL = YES;
				CLANG_ANALYZER_NUMBER_OBJECT_CONVERSION = YES_AGGRESSIVE;
				CLANG_ENABLE_MODULES = YES;
				CLANG_ENABLE_OBJC_ARC = YES;
				CLANG_WARN_DOCUMENTATION_COMMENTS = YES;
				CLANG_WARN_UNGUARDED_AVAILABILITY = YES_AGGRESSIVE;
				COPY_PHASE_STRIP = NO;
				DEBUG_INFORMATION_FORMAT = dwarf;
				ENABLE_STRICT_OBJC_MSGSEND = YES;
				ENABLE_TESTABILITY = YES;
				GCC_C_LANGUAGE_STANDARD = gnu17;
				GCC_DYNAMIC_NO_PIC = NO;
				GCC_NO_COMMON_BLOCKS = YES;
				GCC_OPTIMIZATION_LEVEL = 0;
				GCC_PREPROCESSOR_DEFINITIONS = (
					"DEBUG=1",
					"$(inherited)",
				);
				MACOSX_DEPLOYMENT_TARGET = 14.0;
				IPHONEOS_DEPLOYMENT_TARGET = 17.0;
				MTL_ENABLE_DEBUG_INFO = INCLUDE_SOURCE;
				ONLY_ACTIVE_ARCH = YES;
				SDKROOT = auto;
				SUPPORTED_PLATFORMS = "iphoneos iphonesimulator macosx";
				SUPPORTS_MACCATALYST = NO;
				SWIFT_ACTIVE_COMPILATION_CONDITIONS = "DEBUG LOCAL_DEVELOPMENT $(inherited)";
				SWIFT_OPTIMIZATION_LEVEL = "-Onone";
				SWIFT_VERSION = 6.0;
				SWIFT_STRICT_CONCURRENCY = complete;
			};
			name = Debug;
		};
		E2280F1605474DDAAA275695 /* Release */ = {
			isa = XCBuildConfiguration;
			buildSettings = {

				ALWAYS_SEARCH_USER_PATHS = NO;
				CLANG_ANALYZER_NONNULL = YES;
				CLANG_ANALYZER_NUMBER_OBJECT_CONVERSION = YES_AGGRESSIVE;
				CLANG_ENABLE_MODULES = YES;
				CLANG_ENABLE_OBJC_ARC = YES;
				CLANG_WARN_DOCUMENTATION_COMMENTS = YES;
				CLANG_WARN_UNGUARDED_AVAILABILITY = YES_AGGRESSIVE;
				COPY_PHASE_STRIP = NO;
				DEBUG_INFORMATION_FORMAT = "dwarf-with-dsym";
				ENABLE_NS_ASSERTIONS = NO;
				ENABLE_STRICT_OBJC_MSGSEND = YES;
				GCC_C_LANGUAGE_STANDARD = gnu17;
				GCC_NO_COMMON_BLOCKS = YES;
				MACOSX_DEPLOYMENT_TARGET = 14.0;
				IPHONEOS_DEPLOYMENT_TARGET = 17.0;
				MTL_ENABLE_DEBUG_INFO = NO;
				SDKROOT = auto;
				SUPPORTED_PLATFORMS = "iphoneos iphonesimulator macosx";
				SUPPORTS_MACCATALYST = NO;
				SWIFT_COMPILATION_MODE = wholemodule;
				SWIFT_VERSION = 6.0;
				SWIFT_STRICT_CONCURRENCY = complete;
				VALIDATE_PRODUCT = YES;
			};
			name = Release;
		};
		CEB3E74BCEC04AD2A47AD1ED /* Debug */ = {
			isa = XCBuildConfiguration;
			buildSettings = {
				ASSETCATALOG_COMPILER_APPICON_NAME = AppIcon;
				ASSETCATALOG_COMPILER_GLOBAL_ACCENT_COLOR_NAME = AccentColor;
				CODE_SIGN_ENTITLEMENTS = "LOCA/LOCA-Debug.entitlements";
				CODE_SIGN_IDENTITY = "Apple Development";
				CODE_SIGN_STYLE = Automatic;
				CURRENT_PROJECT_VERSION = 1;
				GENERATE_INFOPLIST_FILE = YES;
				INFOPLIST_KEY_UIApplicationSceneManifest_Generation = YES;
				INFOPLIST_KEY_UILaunchScreen_Generation = YES;
				INFOPLIST_KEY_UISupportedInterfaceOrientations = "UIInterfaceOrientationPortrait UIInterfaceOrientationLandscapeLeft UIInterfaceOrientationLandscapeRight";
				MARKETING_VERSION = 1.0;
				PRODUCT_BUNDLE_IDENTIFIER = com.mihirmaru.loca;
				PRODUCT_NAME = "$(TARGET_NAME)";
				SWIFT_EMIT_LOC_STRINGS = YES;
				TARGETED_DEVICE_FAMILY = "1,2";
			};
			name = Debug;
		};
		973F2C2C296F42DAB6E62ED5 /* Release */ = {
			isa = XCBuildConfiguration;
			buildSettings = {
				ASSETCATALOG_COMPILER_APPICON_NAME = AppIcon;
				ASSETCATALOG_COMPILER_GLOBAL_ACCENT_COLOR_NAME = AccentColor;
				CODE_SIGN_ENTITLEMENTS = LOCA/LOCA.entitlements;
				CODE_SIGN_STYLE = Automatic;
				CURRENT_PROJECT_VERSION = 1;
				GENERATE_INFOPLIST_FILE = YES;
				INFOPLIST_KEY_UIApplicationSceneManifest_Generation = YES;
				INFOPLIST_KEY_UILaunchScreen_Generation = YES;
				INFOPLIST_KEY_UISupportedInterfaceOrientations = "UIInterfaceOrientationPortrait UIInterfaceOrientationLandscapeLeft UIInterfaceOrientationLandscapeRight";
				MARKETING_VERSION = 1.0;
				PRODUCT_BUNDLE_IDENTIFIER = com.mihirmaru.loca;
				PRODUCT_NAME = "$(TARGET_NAME)";
				SWIFT_EMIT_LOC_STRINGS = YES;
				TARGETED_DEVICE_FAMILY = "1,2";
			};
			name = Release;
		};
		829F2EA677034C32BEF6CB73 /* Debug */ = {
			isa = XCBuildConfiguration;
			buildSettings = {
				CODE_SIGN_ENTITLEMENTS = "LOCAWidget/LOCAWidget-Debug.entitlements";
				CODE_SIGN_IDENTITY = "Apple Development";
				CODE_SIGN_STYLE = Automatic;
				CURRENT_PROJECT_VERSION = 1;
				GENERATE_INFOPLIST_FILE = NO;
				INFOPLIST_FILE = LOCAWidget/Info.plist;
				INFOPLIST_KEY_CFBundleDisplayName = "LOCA Widget";
				MARKETING_VERSION = 1.0;
				PRODUCT_BUNDLE_IDENTIFIER = com.mihirmaru.loca.widget;
				PRODUCT_NAME = "$(TARGET_NAME)";
				SKIP_INSTALL = YES;
				SWIFT_EMIT_LOC_STRINGS = YES;
				TARGETED_DEVICE_FAMILY = "1,2";
			};
			name = Debug;
		};
		AEB8CB4C2D184E61A074528F /* Release */ = {
			isa = XCBuildConfiguration;
			buildSettings = {
				CODE_SIGN_ENTITLEMENTS = LOCAWidget/LOCAWidget.entitlements;
				CODE_SIGN_STYLE = Automatic;
				CURRENT_PROJECT_VERSION = 1;
				GENERATE_INFOPLIST_FILE = NO;
				INFOPLIST_FILE = LOCAWidget/Info.plist;
				INFOPLIST_KEY_CFBundleDisplayName = "LOCA Widget";
				MARKETING_VERSION = 1.0;
				PRODUCT_BUNDLE_IDENTIFIER = com.mihirmaru.loca.widget;
				PRODUCT_NAME = "$(TARGET_NAME)";
				SKIP_INSTALL = YES;
				SWIFT_EMIT_LOC_STRINGS = YES;
				TARGETED_DEVICE_FAMILY = "1,2";
			};
			name = Release;
		};
/* End XCBuildConfiguration section */

/* Begin XCConfigurationList section */
		230B8095CF494CEB95991ED9 /* Build configuration list for PBXProject "LOCA" */ = {
			isa = XCConfigurationList;
			buildConfigurations = (
				007EF4488AB844429BF3A2E6 /* Debug */,
				E2280F1605474DDAAA275695 /* Release */,
			);
			defaultConfigurationIsVisible = 0;
			defaultConfigurationName = Release;
		};
		0000EACCF9AE4F2C804D3B5D /* Build configuration list for PBXNativeTarget "LOCA" */ = {
			isa = XCConfigurationList;
			buildConfigurations = (
				CEB3E74BCEC04AD2A47AD1ED /* Debug */,
				973F2C2C296F42DAB6E62ED5 /* Release */,
			);
			defaultConfigurationIsVisible = 0;
			defaultConfigurationName = Release;
		};
		3273E340692C445EA9629A14 /* Build configuration list for PBXNativeTarget "LOCAWidgetExtension" */ = {
			isa = XCConfigurationList;
			buildConfigurations = (
				829F2EA677034C32BEF6CB73 /* Debug */,
				AEB8CB4C2D184E61A074528F /* Release */,
			);
			defaultConfigurationIsVisible = 0;
			defaultConfigurationName = Release;
		};
/* End XCConfigurationList section */

/* Begin PBXTargetDependency section */
		A3ACAA0752034294921E0D14 /* PBXTargetDependency */ = {
			isa = PBXTargetDependency;
			target = A0273CE6149B4A35954ADFA4 /* LOCAWidgetExtension */;
			targetProxy = 482932CD3BFB4A3BBCB58D0E /* PBXContainerItemProxy */;
		};
/* End PBXTargetDependency section */

	};
	rootObject = 6D8A793CFF2B457AA48423EC /* Project object */;
}