// !$*UTF8*$!
{
	archiveVersion = 1;
	classes = {
	};
	objectVersion = 56;
	objects = {

/* Begin PBXBuildFile section */
		44DB446688DB48F782CB4A1B /* LOCAApp.swift in Sources */ = {isa = PBXBuildFile; fileRef = 0B661DE6C9B24E3D843FB850 /* LOCAApp.swift */; };
		0BA7188D9FF141CB9CC49687 /* CloudKitSyncCoordinator.swift in Sources */ = {isa = PBXBuildFile; fileRef = A4842C8648B7401D8EFE6340 /* CloudKitSyncCoordinator.swift */; };
		D341F3FB501C4A689C3DAC98 /* HabitBoard.swift in Sources */ = {isa = PBXBuildFile; fileRef = 3B3F4C66EDB24D078C2B2AF2 /* HabitBoard.swift */; };
		80AEF7B77263431BAE191426 /* HabitBoard.swift in Sources */ = {isa = PBXBuildFile; fileRef = 3B3F4C66EDB24D078C2B2AF2 /* HabitBoard.swift */; };
		29A941CEBE164FF4A34E4B47 /* LogEntry.swift in Sources */ = {isa = PBXBuildFile; fileRef = E576183BE7E347EB9843C9BF /* LogEntry.swift */; };
		7BEF8846AEBF485D981EE912 /* LogEntry.swift in Sources */ = {isa = PBXBuildFile; fileRef = E576183BE7E347EB9843C9BF /* LogEntry.swift */; };
		569938A4D05D49F1BE4EB3B0 /* VersionedSchema.swift in Sources */ = {isa = PBXBuildFile; fileRef = A0F969CA4EF44ABE95278CFC /* VersionedSchema.swift */; };
		62F9CE1A23164331A3E22338 /* VersionedSchema.swift in Sources */ = {isa = PBXBuildFile; fileRef = A0F969CA4EF44ABE95278CFC /* VersionedSchema.swift */; };
		8B7BC5652DD04613969D3EA5 /* ModelContainerFactory.swift in Sources */ = {isa = PBXBuildFile; fileRef = 31E298A378C54834B09BA445 /* ModelContainerFactory.swift */; };
		2639B184FE9C473CA43C5198 /* ModelContainerFactory.swift in Sources */ = {isa = PBXBuildFile; fileRef = 31E298A378C54834B09BA445 /* ModelContainerFactory.swift */; };
		B2FD5F34DB864DCAB392E98C /* PersistenceError.swift in Sources */ = {isa = PBXBuildFile; fileRef = 7543B061EF654017A232CD3D /* PersistenceError.swift */; };
		0AE35E6A72D74E69860CF0F9 /* PersistenceError.swift in Sources */ = {isa = PBXBuildFile; fileRef = 7543B061EF654017A232CD3D /* PersistenceError.swift */; };
		A117149FF4A946D8938DC447 /* Date+Calendar.swift in Sources */ = {isa = PBXBuildFile; fileRef = 8BD9C2CC887147519D793BFF /* Date+Calendar.swift */; };
		77E80A04DCA14C5EAA91E953 /* Date+Calendar.swift in Sources */ = {isa = PBXBuildFile; fileRef = 8BD9C2CC887147519D793BFF /* Date+Calendar.swift */; };
		AB206523344E4C7184FFF348 /* ColorPalette.swift in Sources */ = {isa = PBXBuildFile; fileRef = D1A2CFC96B094EC29DDABCCF /* ColorPalette.swift */; };
		339AB5A031ED4DB6B0F18B92 /* ColorPalette.swift in Sources */ = {isa = PBXBuildFile; fileRef = D1A2CFC96B094EC29DDABCCF /* ColorPalette.swift */; };
		0DF920A91DBE48F89C85FC02 /* Double+Clamp.swift in Sources */ = {isa = PBXBuildFile; fileRef = 1209CD3DA1924EF5833EBA9C /* Double+Clamp.swift */; };
		3C2C1875D8DE4F2E9C7900A4 /* Double+Clamp.swift in Sources */ = {isa = PBXBuildFile; fileRef = 1209CD3DA1924EF5833EBA9C /* Double+Clamp.swift */; };
		C42184440B0349C2BF5BF351 /* StreakCalculator.swift in Sources */ = {isa = PBXBuildFile; fileRef = A9B00E104E5A41FBA7AF29CE /* StreakCalculator.swift */; };
		924E6FD251024C699D517BA8 /* StreakCalculator.swift in Sources */ = {isa = PBXBuildFile; fileRef = A9B00E104E5A41FBA7AF29CE /* StreakCalculator.swift */; };
		3B7001DDBDCA405BB0271BE3 /* HeatmapDataProvider.swift in Sources */ = {isa = PBXBuildFile; fileRef = 837E73A07CEA4764A317B241 /* HeatmapDataProvider.swift */; };
		CA251282DFB0463EB2A0FEC2 /* HeatmapDataProvider.swift in Sources */ = {isa = PBXBuildFile; fileRef = 837E73A07CEA4764A317B241 /* HeatmapDataProvider.swift */; };
		EF9592F35FA9403A92497BC0 /* RootNavigationView.swift in Sources */ = {isa = PBXBuildFile; fileRef = 6C58C6EAC62442D3A967C0F5 /* RootNavigationView.swift */; };
		A313B9055EC9412D9CAFAA41 /* HabitSidebarView.swift in Sources */ = {isa = PBXBuildFile; fileRef = 3B8A714F6CC44437A795494A /* HabitSidebarView.swift */; };
		732FE124E13346CCAF39F275 /* HabitDetailView.swift in Sources */ = {isa = PBXBuildFile; fileRef = B377DBE0C651492E94B24D32 /* HabitDetailView.swift */; };
		67CCC1B7AB2B4BEABA798A6F /* DashboardView.swift in Sources */ = {isa = PBXBuildFile; fileRef = E7441C76872C4EE9B7FCFE28 /* DashboardView.swift */; };
		14BA8BDA9AB2403AA411DC6F /* HabitCardView.swift in Sources */ = {isa = PBXBuildFile; fileRef = B10474F8C67C4F878B04847B /* HabitCardView.swift */; };
		45323EE20BDB45B4BE567809 /* LOCAWidgetBundle.swift in Sources */ = {isa = PBXBuildFile; fileRef = E7FB6B324BB24E61945D817B /* LOCAWidgetBundle.swift */; };
		98E3A84D3ADA481F89E979C9 /* Assets.xcassets in Resources */ = {isa = PBXBuildFile; fileRef = 033FA98DA16E4923BA9330CF /* Assets.xcassets */; };
		80E98C55B8A948A79494D7C4 /* LOCAWidgetExtension.appex in Embed Foundation Extensions */ = {isa = PBXBuildFile; fileRef = 5E2FC85826E54532BCBC1A3F /* LOCAWidgetExtension.appex */; settings = {ATTRIBUTES = (RemoveHeadersOnCopy, ); }; };
/* End PBXBuildFile section */

/* Begin PBXFileReference section */
		0B661DE6C9B24E3D843FB850 /* LOCAApp.swift */ = {isa = PBXFileReference; lastKnownFileType = sourcecode.swift; path = "LOCAApp.swift"; sourceTree = "<group>"; };
		A4842C8648B7401D8EFE6340 /* CloudKitSyncCoordinator.swift */ = {isa = PBXFileReference; lastKnownFileType = sourcecode.swift; path = "CloudKitSyncCoordinator.swift"; sourceTree = "<group>"; };
		3B3F4C66EDB24D078C2B2AF2 /* HabitBoard.swift */ = {isa = PBXFileReference; lastKnownFileType = sourcecode.swift; path = "HabitBoard.swift"; sourceTree = "<group>"; };
		E576183BE7E347EB9843C9BF /* LogEntry.swift */ = {isa = PBXFileReference; lastKnownFileType = sourcecode.swift; path = "LogEntry.swift"; sourceTree = "<group>"; };
		A0F969CA4EF44ABE95278CFC /* VersionedSchema.swift */ = {isa = PBXFileReference; lastKnownFileType = sourcecode.swift; path = "VersionedSchema.swift"; sourceTree = "<group>"; };
		31E298A378C54834B09BA445 /* ModelContainerFactory.swift */ = {isa = PBXFileReference; lastKnownFileType = sourcecode.swift; path = "ModelContainerFactory.swift"; sourceTree = "<group>"; };
		7543B061EF654017A232CD3D /* PersistenceError.swift */ = {isa = PBXFileReference; lastKnownFileType = sourcecode.swift; path = "PersistenceError.swift"; sourceTree = "<group>"; };
		8BD9C2CC887147519D793BFF /* Date+Calendar.swift */ = {isa = PBXFileReference; lastKnownFileType = sourcecode.swift; path = "Date+Calendar.swift"; sourceTree = "<group>"; };
		D1A2CFC96B094EC29DDABCCF /* ColorPalette.swift */ = {isa = PBXFileReference; lastKnownFileType = sourcecode.swift; path = "ColorPalette.swift"; sourceTree = "<group>"; };
		1209CD3DA1924EF5833EBA9C /* Double+Clamp.swift */ = {isa = PBXFileReference; lastKnownFileType = sourcecode.swift; path = "Double+Clamp.swift"; sourceTree = "<group>"; };
		A9B00E104E5A41FBA7AF29CE /* StreakCalculator.swift */ = {isa = PBXFileReference; lastKnownFileType = sourcecode.swift; path = "StreakCalculator.swift"; sourceTree = "<group>"; };
		837E73A07CEA4764A317B241 /* HeatmapDataProvider.swift */ = {isa = PBXFileReference; lastKnownFileType = sourcecode.swift; path = "HeatmapDataProvider.swift"; sourceTree = "<group>"; };
		6C58C6EAC62442D3A967C0F5 /* RootNavigationView.swift */ = {isa = PBXFileReference; lastKnownFileType = sourcecode.swift; path = "RootNavigationView.swift"; sourceTree = "<group>"; };
		3B8A714F6CC44437A795494A /* HabitSidebarView.swift */ = {isa = PBXFileReference; lastKnownFileType = sourcecode.swift; path = "HabitSidebarView.swift"; sourceTree = "<group>"; };
		B377DBE0C651492E94B24D32 /* HabitDetailView.swift */ = {isa = PBXFileReference; lastKnownFileType = sourcecode.swift; path = "HabitDetailView.swift"; sourceTree = "<group>"; };
		E7441C76872C4EE9B7FCFE28 /* DashboardView.swift */ = {isa = PBXFileReference; lastKnownFileType = sourcecode.swift; path = "DashboardView.swift"; sourceTree = "<group>"; };
		B10474F8C67C4F878B04847B /* HabitCardView.swift */ = {isa = PBXFileReference; lastKnownFileType = sourcecode.swift; path = "HabitCardView.swift"; sourceTree = "<group>"; };
		E7FB6B324BB24E61945D817B /* LOCAWidgetBundle.swift */ = {isa = PBXFileReference; lastKnownFileType = sourcecode.swift; path = "LOCAWidgetBundle.swift"; sourceTree = "<group>"; };
		4AEC64F807B143B5A89F3CF7 /* LOCA.app */ = {isa = PBXFileReference; explicitFileType = wrapper.application; includeInIndex = 0; path = LOCA.app; sourceTree = BUILT_PRODUCTS_DIR; };
		5E2FC85826E54532BCBC1A3F /* LOCAWidgetExtension.appex */ = {isa = PBXFileReference; explicitFileType = "wrapper.app-extension"; includeInIndex = 0; path = LOCAWidgetExtension.appex; sourceTree = BUILT_PRODUCTS_DIR; };
		033FA98DA16E4923BA9330CF /* Assets.xcassets */ = {isa = PBXFileReference; lastKnownFileType = folder.assetcatalog; path = Assets.xcassets; sourceTree = "<group>"; };
		27D56809301E4CB6A8FEA542 /* LOCA.entitlements */ = {isa = PBXFileReference; lastKnownFileType = text.plist.entitlements; path = LOCA.entitlements; sourceTree = "<group>"; };
		01ED588650534F0B802B6307 /* LOCAWidget.entitlements */ = {isa = PBXFileReference; lastKnownFileType = text.plist.entitlements; path = LOCAWidget.entitlements; sourceTree = "<group>"; };
		600C95D9070C45E380004C14 /* Info.plist */ = {isa = PBXFileReference; lastKnownFileType = text.plist.xml; path = Info.plist; sourceTree = "<group>"; };
/* End PBXFileReference section */

/* Begin PBXContainerItemProxy section */
		AFAA1E6D69E94D3CB984125A /* PBXContainerItemProxy */ = {
			isa = PBXContainerItemProxy;
			containerPortal = 89306EB8B2F44F7F8E6D2248 /* Project object */;
			proxyType = 1;
			remoteGlobalIDString = DC0CEBFFD759477CBD311322;
			remoteInfo = LOCAWidgetExtension;
		};
/* End PBXContainerItemProxy section */

/* Begin PBXFrameworksBuildPhase section */
		6BC9CC49D429411896477D92 /* Frameworks */ = {
			isa = PBXFrameworksBuildPhase;
			buildActionMask = 2147483647;
			files = (
			);
			runOnlyForDeploymentPostprocessing = 0;
		};
		35512F3520C44FD6A2C092CA /* Frameworks */ = {
			isa = PBXFrameworksBuildPhase;
			buildActionMask = 2147483647;
			files = (
			);
			runOnlyForDeploymentPostprocessing = 0;
		};
/* End PBXFrameworksBuildPhase section */

/* Begin PBXCopyFilesBuildPhase section */
		D7F4C13A92C3448AB43BFCD5 /* Embed Foundation Extensions */ = {
			isa = PBXCopyFilesBuildPhase;
			buildActionMask = 2147483647;
			dstPath = "";
			dstSubfolderSpec = 13;
			files = (
				80E98C55B8A948A79494D7C4 /* LOCAWidgetExtension.appex in Embed Foundation Extensions */,
			);
			name = "Embed Foundation Extensions";
			runOnlyForDeploymentPostprocessing = 0;
		};
/* End PBXCopyFilesBuildPhase section */

/* Begin PBXGroup section */
		7D1B30ACF222440A9D019D4A /* Analytics */ = {
			isa = PBXGroup;
			children = (
				A9B00E104E5A41FBA7AF29CE /* StreakCalculator.swift */,
				837E73A07CEA4764A317B241 /* HeatmapDataProvider.swift */,
			);
			path = "Analytics";
			sourceTree = "<group>";
		};
		044BC40862654B429EFCAC45 /* App */ = {
			isa = PBXGroup;
			children = (
				0B661DE6C9B24E3D843FB850 /* LOCAApp.swift */,
				A4842C8648B7401D8EFE6340 /* CloudKitSyncCoordinator.swift */,
			);
			path = "App";
			sourceTree = "<group>";
		};
		D53980BCAC354F3B9F77FC19 /* Extensions */ = {
			isa = PBXGroup;
			children = (
				8BD9C2CC887147519D793BFF /* Date+Calendar.swift */,
				D1A2CFC96B094EC29DDABCCF /* ColorPalette.swift */,
				1209CD3DA1924EF5833EBA9C /* Double+Clamp.swift */,
			);
			path = "Extensions";
			sourceTree = "<group>";
		};
		F49461C157B64394ABEC665C /* Models */ = {
			isa = PBXGroup;
			children = (
				3B3F4C66EDB24D078C2B2AF2 /* HabitBoard.swift */,
				E576183BE7E347EB9843C9BF /* LogEntry.swift */,
				A0F969CA4EF44ABE95278CFC /* VersionedSchema.swift */,
			);
			path = "Models";
			sourceTree = "<group>";
		};
		3966BFA6C655410885A86FA7 /* Persistence */ = {
			isa = PBXGroup;
			children = (
				31E298A378C54834B09BA445 /* ModelContainerFactory.swift */,
				7543B061EF654017A232CD3D /* PersistenceError.swift */,
			);
			path = "Persistence";
			sourceTree = "<group>";
		};
		EF90A3C7B9554AFEB60D5314 /* Dashboard */ = {
			isa = PBXGroup;
			children = (
				E7441C76872C4EE9B7FCFE28 /* DashboardView.swift */,
				B10474F8C67C4F878B04847B /* HabitCardView.swift */,
			);
			path = "Dashboard";
			sourceTree = "<group>";
		};
		5C2AC16E93C049259240AEB5 /* HabitDetail */ = {
			isa = PBXGroup;
			children = (
				B377DBE0C651492E94B24D32 /* HabitDetailView.swift */,
			);
			path = "HabitDetail";
			sourceTree = "<group>";
		};
		58A1CD062DF447EB9440EAF3 /* Navigation */ = {
			isa = PBXGroup;
			children = (
				6C58C6EAC62442D3A967C0F5 /* RootNavigationView.swift */,
				3B8A714F6CC44437A795494A /* HabitSidebarView.swift */,
			);
			path = "Navigation";
			sourceTree = "<group>";
		};
		D9369A2423754ADF8993A5E9 /* Core */ = {
			isa = PBXGroup;
			children = (
				D53980BCAC354F3B9F77FC19 /* Extensions */,
				F49461C157B64394ABEC665C /* Models */,
				3966BFA6C655410885A86FA7 /* Persistence */,
			);
			path = "Core";
			sourceTree = "<group>";
		};
		56924518980E4B2C80F2E1BC /* Features */ = {
			isa = PBXGroup;
			children = (
				EF90A3C7B9554AFEB60D5314 /* Dashboard */,
				5C2AC16E93C049259240AEB5 /* HabitDetail */,
				58A1CD062DF447EB9440EAF3 /* Navigation */,
			);
			path = "Features";
			sourceTree = "<group>";
		};
		BA67EA2A165046F58BB6EFA5 /* LOCA */ = {
			isa = PBXGroup;
			children = (
				7D1B30ACF222440A9D019D4A /* Analytics */,
				044BC40862654B429EFCAC45 /* App */,
				D9369A2423754ADF8993A5E9 /* Core */,
				56924518980E4B2C80F2E1BC /* Features */,
				033FA98DA16E4923BA9330CF /* Assets.xcassets */,
				27D56809301E4CB6A8FEA542 /* LOCA.entitlements */,
			);
			path = LOCA;
			sourceTree = "<group>";
		};
		343CA83D22A24386A9100CAD /* LOCAWidget */ = {
			isa = PBXGroup;
			children = (
				E7FB6B324BB24E61945D817B /* LOCAWidgetBundle.swift */,
				01ED588650534F0B802B6307 /* LOCAWidget.entitlements */,
				600C95D9070C45E380004C14 /* Info.plist */,
			);
			path = LOCAWidget;
			sourceTree = "<group>";
		};
		6C87E76D4AB140DBA784444F /* Products */ = {
			isa = PBXGroup;
			children = (
				4AEC64F807B143B5A89F3CF7 /* LOCA.app */,
				5E2FC85826E54532BCBC1A3F /* LOCAWidgetExtension.appex */,
			);
			name = Products;
			sourceTree = "<group>";
		};
		3E427936A4F14A86904CB1F8 = {
			isa = PBXGroup;
			children = (
				BA67EA2A165046F58BB6EFA5 /* LOCA */,
				343CA83D22A24386A9100CAD /* LOCAWidget */,
				6C87E76D4AB140DBA784444F /* Products */,
			);
			sourceTree = "<group>";
		};
/* End PBXGroup section */

/* Begin PBXNativeTarget section */
		EE723FEECA39441AAAC0E102 /* LOCA */ = {
			isa = PBXNativeTarget;
			buildConfigurationList = 1BB9D39158064764879EE9B9 /* Build configuration list for PBXNativeTarget "LOCA" */;
			buildPhases = (
				E6B4479D1E4C4952966CF02F /* Sources */,
				6BC9CC49D429411896477D92 /* Frameworks */,
				6CACB7D982D544D2B059438C /* Resources */,
				D7F4C13A92C3448AB43BFCD5 /* Embed Foundation Extensions */,
			);
			buildRules = (
			);
			dependencies = (
				6DA9FD42F1544EAE95280464 /* PBXTargetDependency */,
			);
			name = LOCA;
			productName = LOCA;
			productReference = 4AEC64F807B143B5A89F3CF7 /* LOCA.app */;
			productType = "com.apple.product-type.application";
		};
		DC0CEBFFD759477CBD311322 /* LOCAWidgetExtension */ = {
			isa = PBXNativeTarget;
			buildConfigurationList = 34E61C98AE6243C3BCBC68B3 /* Build configuration list for PBXNativeTarget "LOCAWidgetExtension" */;
			buildPhases = (
				E2FB13F626D2466D91A6701A /* Sources */,
				35512F3520C44FD6A2C092CA /* Frameworks */,
				93053BF6068A43928E4956CA /* Resources */,
			);
			buildRules = (
			);
			dependencies = (
			);
			name = LOCAWidgetExtension;
			productName = LOCAWidgetExtension;
			productReference = 5E2FC85826E54532BCBC1A3F /* LOCAWidgetExtension.appex */;
			productType = "com.apple.product-type.app-extension";
		};
/* End PBXNativeTarget section */

/* Begin PBXProject section */
		89306EB8B2F44F7F8E6D2248 /* Project object */ = {
			isa = PBXProject;
			attributes = {
				BuildIndependentTargetsInParallel = 1;
				LastSwiftUpdateCheck = 1620;
				LastUpgradeCheck = 1620;
				TargetAttributes = {
					EE723FEECA39441AAAC0E102 = {
						CreatedOnToolsVersion = 16.2;
						SystemCapabilities = {
							com.apple.ApplicationGroups.iOS = {
								enabled = 1;
							};
							com.apple.iCloud = {
								enabled = 1;
							};
						};
					};
					DC0CEBFFD759477CBD311322 = {
						CreatedOnToolsVersion = 16.2;
						SystemCapabilities = {
							com.apple.ApplicationGroups.iOS = {
								enabled = 1;
							};
							com.apple.iCloud = {
								enabled = 1;
							};
						};
					};
				};
			};
			buildConfigurationList = 844C1A547F4F466F9888DF15 /* Build configuration list for PBXProject "LOCA" */;
			compatibilityVersion = "Xcode 14.0";
			developmentRegion = en;
			hasScannedForEncodings = 0;
			knownRegions = (
				en,
				Base,
			);
			mainGroup = 3E427936A4F14A86904CB1F8;
			productRefGroup = 6C87E76D4AB140DBA784444F /* Products */;
			projectDirPath = "";
			projectRoot = "";
			targets = (
				EE723FEECA39441AAAC0E102 /* LOCA */,
				DC0CEBFFD759477CBD311322 /* LOCAWidgetExtension */,
			);
		};
/* End PBXProject section */

/* Begin PBXResourcesBuildPhase section */
		6CACB7D982D544D2B059438C /* Resources */ = {
			isa = PBXResourcesBuildPhase;
			buildActionMask = 2147483647;
			files = (
				98E3A84D3ADA481F89E979C9 /* Assets.xcassets in Resources */,
			);
			runOnlyForDeploymentPostprocessing = 0;
		};
		93053BF6068A43928E4956CA /* Resources */ = {
			isa = PBXResourcesBuildPhase;
			buildActionMask = 2147483647;
			files = (
			);
			runOnlyForDeploymentPostprocessing = 0;
		};
/* End PBXResourcesBuildPhase section */

/* Begin PBXSourcesBuildPhase section */
		E6B4479D1E4C4952966CF02F /* Sources */ = {
			isa = PBXSourcesBuildPhase;
			buildActionMask = 2147483647;
			files = (
				44DB446688DB48F782CB4A1B /* LOCAApp.swift in Sources */,
				0BA7188D9FF141CB9CC49687 /* CloudKitSyncCoordinator.swift in Sources */,
				D341F3FB501C4A689C3DAC98 /* HabitBoard.swift in Sources */,
				29A941CEBE164FF4A34E4B47 /* LogEntry.swift in Sources */,
				569938A4D05D49F1BE4EB3B0 /* VersionedSchema.swift in Sources */,
				8B7BC5652DD04613969D3EA5 /* ModelContainerFactory.swift in Sources */,
				B2FD5F34DB864DCAB392E98C /* PersistenceError.swift in Sources */,
				A117149FF4A946D8938DC447 /* Date+Calendar.swift in Sources */,
				AB206523344E4C7184FFF348 /* ColorPalette.swift in Sources */,
				0DF920A91DBE48F89C85FC02 /* Double+Clamp.swift in Sources */,
				C42184440B0349C2BF5BF351 /* StreakCalculator.swift in Sources */,
				3B7001DDBDCA405BB0271BE3 /* HeatmapDataProvider.swift in Sources */,
				EF9592F35FA9403A92497BC0 /* RootNavigationView.swift in Sources */,
				A313B9055EC9412D9CAFAA41 /* HabitSidebarView.swift in Sources */,
				732FE124E13346CCAF39F275 /* HabitDetailView.swift in Sources */,
				67CCC1B7AB2B4BEABA798A6F /* DashboardView.swift in Sources */,
				14BA8BDA9AB2403AA411DC6F /* HabitCardView.swift in Sources */,
			);
			runOnlyForDeploymentPostprocessing = 0;
		};
		E2FB13F626D2466D91A6701A /* Sources */ = {
			isa = PBXSourcesBuildPhase;
			buildActionMask = 2147483647;
			files = (
				80AEF7B77263431BAE191426 /* HabitBoard.swift in Sources */,
				7BEF8846AEBF485D981EE912 /* LogEntry.swift in Sources */,
				62F9CE1A23164331A3E22338 /* VersionedSchema.swift in Sources */,
				2639B184FE9C473CA43C5198 /* ModelContainerFactory.swift in Sources */,
				0AE35E6A72D74E69860CF0F9 /* PersistenceError.swift in Sources */,
				77E80A04DCA14C5EAA91E953 /* Date+Calendar.swift in Sources */,
				339AB5A031ED4DB6B0F18B92 /* ColorPalette.swift in Sources */,
				3C2C1875D8DE4F2E9C7900A4 /* Double+Clamp.swift in Sources */,
				924E6FD251024C699D517BA8 /* StreakCalculator.swift in Sources */,
				CA251282DFB0463EB2A0FEC2 /* HeatmapDataProvider.swift in Sources */,
				45323EE20BDB45B4BE567809 /* LOCAWidgetBundle.swift in Sources */,
			);
			runOnlyForDeploymentPostprocessing = 0;
		};
/* End PBXSourcesBuildPhase section */

/* Begin XCBuildConfiguration section */
		8B98554C28894D49816BD51F /* Debug */ = {
			isa = XCBuildConfiguration;
			buildSettings = {

				ALWAYS_SEARCH_USER_PATHS = NO;
				CLANG_ANALYZER_NONNULL = YES;
				CLANG_ANALYZER_NUMBER_OBJECT_CONVERSION = YES_AGGRESSIVE;
				CLANG_ENABLE_MODULES = YES;
				CLANG_ENABLE_OBJC_ARC = YES;
				CLANG_WARN_DOCUMENTATION_COMMENTS = YES;
				CLANG_WARN_UNGUARDED_AVAILABILITY = YES_AGGRESSIVE;
				COPY_PHASE_STRIP = NO;
				DEBUG_INFORMATION_FORMAT = dwarf;
				ENABLE_STRICT_OBJC_MSGSEND = YES;
				ENABLE_TESTABILITY = YES;
				GCC_C_LANGUAGE_STANDARD = gnu17;
				GCC_DYNAMIC_NO_PIC = NO;
				GCC_NO_COMMON_BLOCKS = YES;
				GCC_OPTIMIZATION_LEVEL = 0;
				GCC_PREPROCESSOR_DEFINITIONS = (
					"DEBUG=1",
					"$(inherited)",
				);
				MACOSX_DEPLOYMENT_TARGET = 14.0;
				IPHONEOS_DEPLOYMENT_TARGET = 17.0;
				MTL_ENABLE_DEBUG_INFO = INCLUDE_SOURCE;
				ONLY_ACTIVE_ARCH = YES;
				SDKROOT = auto;
				SUPPORTED_PLATFORMS = "iphoneos iphonesimulator macosx";
				SUPPORTS_MACCATALYST = NO;
				SWIFT_ACTIVE_COMPILATION_CONDITIONS = "DEBUG $(inherited)";
				SWIFT_OPTIMIZATION_LEVEL = "-Onone";
				SWIFT_VERSION = 6.0;
				SWIFT_STRICT_CONCURRENCY = complete;
			};
			name = Debug;
		};
		A36C56776D324AFCA8D95C60 /* Release */ = {
			isa = XCBuildConfiguration;
			buildSettings = {

				ALWAYS_SEARCH_USER_PATHS = NO;
				CLANG_ANALYZER_NONNULL = YES;
				CLANG_ANALYZER_NUMBER_OBJECT_CONVERSION = YES_AGGRESSIVE;
				CLANG_ENABLE_MODULES = YES;
				CLANG_ENABLE_OBJC_ARC = YES;
				CLANG_WARN_DOCUMENTATION_COMMENTS = YES;
				CLANG_WARN_UNGUARDED_AVAILABILITY = YES_AGGRESSIVE;
				COPY_PHASE_STRIP = NO;
				DEBUG_INFORMATION_FORMAT = "dwarf-with-dsym";
				ENABLE_NS_ASSERTIONS = NO;
				ENABLE_STRICT_OBJC_MSGSEND = YES;
				GCC_C_LANGUAGE_STANDARD = gnu17;
				GCC_NO_COMMON_BLOCKS = YES;
				MACOSX_DEPLOYMENT_TARGET = 14.0;
				IPHONEOS_DEPLOYMENT_TARGET = 17.0;
				MTL_ENABLE_DEBUG_INFO = NO;
				SDKROOT = auto;
				SUPPORTED_PLATFORMS = "iphoneos iphonesimulator macosx";
				SUPPORTS_MACCATALYST = NO;
				SWIFT_COMPILATION_MODE = wholemodule;
				SWIFT_VERSION = 6.0;
				SWIFT_STRICT_CONCURRENCY = complete;
				VALIDATE_PRODUCT = YES;
			};
			name = Release;
		};
		9BB0D8D1713D4084AC503DD6 /* Debug */ = {
			isa = XCBuildConfiguration;
			buildSettings = {
				ASSETCATALOG_COMPILER_APPICON_NAME = AppIcon;
				ASSETCATALOG_COMPILER_GLOBAL_ACCENT_COLOR_NAME = AccentColor;
				CODE_SIGN_ENTITLEMENTS = LOCA/LOCA.entitlements;
				CODE_SIGN_IDENTITY = "Apple Development";
				CODE_SIGN_STYLE = Automatic;
				CURRENT_PROJECT_VERSION = 1;
				GENERATE_INFOPLIST_FILE = YES;
				INFOPLIST_KEY_UIApplicationSceneManifest_Generation = YES;
				INFOPLIST_KEY_UILaunchScreen_Generation = YES;
				INFOPLIST_KEY_UISupportedInterfaceOrientations = "UIInterfaceOrientationPortrait UIInterfaceOrientationLandscapeLeft UIInterfaceOrientationLandscapeRight";
				MARKETING_VERSION = 1.0;
				PRODUCT_BUNDLE_IDENTIFIER = com.mihirmaru.loca;
				PRODUCT_NAME = "$(TARGET_NAME)";
				SWIFT_EMIT_LOC_STRINGS = YES;
				TARGETED_DEVICE_FAMILY = "1,2";
			};
			name = Debug;
		};
		0B883C77E51C4ED296B371E5 /* Release */ = {
			isa = XCBuildConfiguration;
			buildSettings = {
				ASSETCATALOG_COMPILER_APPICON_NAME = AppIcon;
				ASSETCATALOG_COMPILER_GLOBAL_ACCENT_COLOR_NAME = AccentColor;
				CODE_SIGN_ENTITLEMENTS = LOCA/LOCA.entitlements;
				CODE_SIGN_STYLE = Automatic;
				CURRENT_PROJECT_VERSION = 1;
				GENERATE_INFOPLIST_FILE = YES;
				INFOPLIST_KEY_UIApplicationSceneManifest_Generation = YES;
				INFOPLIST_KEY_UILaunchScreen_Generation = YES;
				INFOPLIST_KEY_UISupportedInterfaceOrientations = "UIInterfaceOrientationPortrait UIInterfaceOrientationLandscapeLeft UIInterfaceOrientationLandscapeRight";
				MARKETING_VERSION = 1.0;
				PRODUCT_BUNDLE_IDENTIFIER = com.mihirmaru.loca;
				PRODUCT_NAME = "$(TARGET_NAME)";
				SWIFT_EMIT_LOC_STRINGS = YES;
				TARGETED_DEVICE_FAMILY = "1,2";
			};
			name = Release;
		};
		F9DC47CCF24247FEA41ECE7E /* Debug */ = {
			isa = XCBuildConfiguration;
			buildSettings = {
				CODE_SIGN_ENTITLEMENTS = LOCAWidget/LOCAWidget.entitlements;
				CODE_SIGN_IDENTITY = "Apple Development";
				CODE_SIGN_STYLE = Automatic;
				CURRENT_PROJECT_VERSION = 1;
				GENERATE_INFOPLIST_FILE = NO;
				INFOPLIST_FILE = LOCAWidget/Info.plist;
				INFOPLIST_KEY_CFBundleDisplayName = "LOCA Widget";
				MARKETING_VERSION = 1.0;
				PRODUCT_BUNDLE_IDENTIFIER = com.mihirmaru.loca.widget;
				PRODUCT_NAME = "$(TARGET_NAME)";
				SKIP_INSTALL = YES;
				SWIFT_EMIT_LOC_STRINGS = YES;
				TARGETED_DEVICE_FAMILY = "1,2";
			};
			name = Debug;
		};
		458C00E302D34D30BD3AA81E /* Release */ = {
			isa = XCBuildConfiguration;
			buildSettings = {
				CODE_SIGN_ENTITLEMENTS = LOCAWidget/LOCAWidget.entitlements;
				CODE_SIGN_STYLE = Automatic;
				CURRENT_PROJECT_VERSION = 1;
				GENERATE_INFOPLIST_FILE = NO;
				INFOPLIST_FILE = LOCAWidget/Info.plist;
				INFOPLIST_KEY_CFBundleDisplayName = "LOCA Widget";
				MARKETING_VERSION = 1.0;
				PRODUCT_BUNDLE_IDENTIFIER = com.mihirmaru.loca.widget;
				PRODUCT_NAME = "$(TARGET_NAME)";
				SKIP_INSTALL = YES;
				SWIFT_EMIT_LOC_STRINGS = YES;
				TARGETED_DEVICE_FAMILY = "1,2";
			};
			name = Release;
		};
/* End XCBuildConfiguration section */

/* Begin XCConfigurationList section */
		844C1A547F4F466F9888DF15 /* Build configuration list for PBXProject "LOCA" */ = {
			isa = XCConfigurationList;
			buildConfigurations = (
				8B98554C28894D49816BD51F /* Debug */,
				A36C56776D324AFCA8D95C60 /* Release */,
			);
			defaultConfigurationIsVisible = 0;
			defaultConfigurationName = Release;
		};
		1BB9D39158064764879EE9B9 /* Build configuration list for PBXNativeTarget "LOCA" */ = {
			isa = XCConfigurationList;
			buildConfigurations = (
				9BB0D8D1713D4084AC503DD6 /* Debug */,
				0B883C77E51C4ED296B371E5 /* Release */,
			);
			defaultConfigurationIsVisible = 0;
			defaultConfigurationName = Release;
		};
		34E61C98AE6243C3BCBC68B3 /* Build configuration list for PBXNativeTarget "LOCAWidgetExtension" */ = {
			isa = XCConfigurationList;
			buildConfigurations = (
				F9DC47CCF24247FEA41ECE7E /* Debug */,
				458C00E302D34D30BD3AA81E /* Release */,
			);
			defaultConfigurationIsVisible = 0;
			defaultConfigurationName = Release;
		};
/* End XCConfigurationList section */

/* Begin PBXTargetDependency section */
		6DA9FD42F1544EAE95280464 /* PBXTargetDependency */ = {
			isa = PBXTargetDependency;
			target = DC0CEBFFD759477CBD311322 /* LOCAWidgetExtension */;
			targetProxy = AFAA1E6D69E94D3CB984125A /* PBXContainerItemProxy */;
		};
/* End PBXTargetDependency section */

	};
	rootObject = 89306EB8B2F44F7F8E6D2248 /* Project object */;
}